// !$*UTF8*$!
{
	archiveVersion = 1;
	classes = {
	};
	objectVersion = 50;
	objects = {

/* Begin PBXBuildFile section */
		065248B021C219020047405C /* PriceGridViewController.swift in Sources */ = {isa = PBXBuildFile; fileRef = 065248AF21C219020047405C /* PriceGridViewController.swift */; };
		065248B221C21D7C0047405C /* Float+Format.swift in Sources */ = {isa = PBXBuildFile; fileRef = 065248B121C21D7C0047405C /* Float+Format.swift */; };
		065248B421C226C30047405C /* MainViewController.swift in Sources */ = {isa = PBXBuildFile; fileRef = 065248B321C226C30047405C /* MainViewController.swift */; };
		06EDD3C5215241970035104B /* AppDelegate.swift in Sources */ = {isa = PBXBuildFile; fileRef = 06EDD3C4215241970035104B /* AppDelegate.swift */; };
		06EDD3C9215241970035104B /* BlockViewController.swift in Sources */ = {isa = PBXBuildFile; fileRef = 06EDD3C8215241970035104B /* BlockViewController.swift */; };
		06EDD3CC215241970035104B /* Main.storyboard in Resources */ = {isa = PBXBuildFile; fileRef = 06EDD3CA215241970035104B /* Main.storyboard */; };
		06EDD3CE215241990035104B /* Assets.xcassets in Resources */ = {isa = PBXBuildFile; fileRef = 06EDD3CD215241990035104B /* Assets.xcassets */; };
		06EDD3D1215241990035104B /* LaunchScreen.storyboard in Resources */ = {isa = PBXBuildFile; fileRef = 06EDD3CF215241990035104B /* LaunchScreen.storyboard */; };
		06EDD3DC215241990035104B /* StockHelperTests.swift in Sources */ = {isa = PBXBuildFile; fileRef = 06EDD3DB215241990035104B /* StockHelperTests.swift */; };
		06EDD3F0215244280035104B /* Block.swift in Sources */ = {isa = PBXBuildFile; fileRef = 06EDD3EF215244280035104B /* Block.swift */; };
		06EDD3F4215245120035104B /* StockBlockChange.swift in Sources */ = {isa = PBXBuildFile; fileRef = 06EDD3F3215245120035104B /* StockBlockChange.swift */; };
		06EDD3F6215247980035104B /* Stock.swift in Sources */ = {isa = PBXBuildFile; fileRef = 06EDD3F5215247980035104B /* Stock.swift */; };
		06EDD3FA21524B160035104B /* Message.swift in Sources */ = {isa = PBXBuildFile; fileRef = 06EDD3F921524B160035104B /* Message.swift */; };
		06F587F921B928BF00D69159 /* CalculatorViewController.swift in Sources */ = {isa = PBXBuildFile; fileRef = 06F587F821B928BF00D69159 /* CalculatorViewController.swift */; };
		06F587FE21B9312700D69159 /* SymmetryViewController.swift in Sources */ = {isa = PBXBuildFile; fileRef = 06F587FD21B9312700D69159 /* SymmetryViewController.swift */; };
		06F5881B21BA38B600D69159 /* UITextField+Extension.swift in Sources */ = {isa = PBXBuildFile; fileRef = 06F5881A21BA38B600D69159 /* UITextField+Extension.swift */; };
		563B3C7E18B840F2B49470B1 /* Pods_StockHelperTests.framework in Frameworks */ = {isa = PBXBuildFile; fileRef = BB894E0D4080A19D5FDBAC33 /* Pods_StockHelperTests.framework */; };
		A10E4B3121CE543B0092B671 /* MyStocksViewController.swift in Sources */ = {isa = PBXBuildFile; fileRef = A10E4B3021CE543B0092B671 /* MyStocksViewController.swift */; };
		A10E4B3921CE57E10092B671 /* HomeViewController.swift in Sources */ = {isa = PBXBuildFile; fileRef = A10E4B3821CE57E10092B671 /* HomeViewController.swift */; };
		A10E4B4321CE5EE00092B671 /* Message.storyboard in Resources */ = {isa = PBXBuildFile; fileRef = A10E4B4221CE5EE00092B671 /* Message.storyboard */; };
		A10E4B4521CE5FED0092B671 /* Home.storyboard in Resources */ = {isa = PBXBuildFile; fileRef = A10E4B4421CE5FED0092B671 /* Home.storyboard */; };
		A10E4B4721CE610F0092B671 /* Calculator.storyboard in Resources */ = {isa = PBXBuildFile; fileRef = A10E4B4621CE610F0092B671 /* Calculator.storyboard */; };
		A10E4B4921CE67260092B671 /* Stock.storyboard in Resources */ = {isa = PBXBuildFile; fileRef = A10E4B4821CE67260092B671 /* Stock.storyboard */; };
		A10E4B4B21CE67D20092B671 /* Block.storyboard in Resources */ = {isa = PBXBuildFile; fileRef = A10E4B4A21CE67D20092B671 /* Block.storyboard */; };
		A12A18C621E954B0004294B5 /* TagButton.xib in Resources */ = {isa = PBXBuildFile; fileRef = A12A18C521E954B0004294B5 /* TagButton.xib */; };
		A12A18C821E9557B004294B5 /* TagButton.swift in Sources */ = {isa = PBXBuildFile; fileRef = A12A18C721E9557B004294B5 /* TagButton.swift */; };
		A12A18CA21E95C64004294B5 /* StockUtils.swift in Sources */ = {isa = PBXBuildFile; fileRef = A12A18C921E95C64004294B5 /* StockUtils.swift */; };
		A12A18D121E9CA3D004294B5 /* HeaderCollectionView.swift in Sources */ = {isa = PBXBuildFile; fileRef = A12A18CF21E9CA3D004294B5 /* HeaderCollectionView.swift */; };
		A12A18D221E9CA3D004294B5 /* HeaderCollectionView.xib in Resources */ = {isa = PBXBuildFile; fileRef = A12A18D021E9CA3D004294B5 /* HeaderCollectionView.xib */; };
		A12A18D521E9DE18004294B5 /* Theme.swift in Sources */ = {isa = PBXBuildFile; fileRef = A12A18D421E9DE18004294B5 /* Theme.swift */; };
		A12A18D721EA0887004294B5 /* String+PinYin.swift in Sources */ = {isa = PBXBuildFile; fileRef = A12A18D621EA0887004294B5 /* String+PinYin.swift */; };
		A12A18D921EA08E3004294B5 /* Array+PinYin.swift in Sources */ = {isa = PBXBuildFile; fileRef = A12A18D821EA08E3004294B5 /* Array+PinYin.swift */; };
		A12A18DC21EA254F004294B5 /* Utils.swift in Sources */ = {isa = PBXBuildFile; fileRef = A12A18DB21EA254F004294B5 /* Utils.swift */; };
		A12A18DE21EA2878004294B5 /* StockViewController.swift in Sources */ = {isa = PBXBuildFile; fileRef = A12A18DD21EA2878004294B5 /* StockViewController.swift */; };
		A12A50B22218DAEB0045D320 /* YanBao.swift in Sources */ = {isa = PBXBuildFile; fileRef = A12A50B12218DAEB0045D320 /* YanBao.swift */; };
		A12A50B42218DBC10045D320 /* JsonString2Objects.swift in Sources */ = {isa = PBXBuildFile; fileRef = A12A50B32218DBC10045D320 /* JsonString2Objects.swift */; };
		A12A50B6221F632C0045D320 /* StockAPI.swift in Sources */ = {isa = PBXBuildFile; fileRef = A12A50B5221F632C0045D320 /* StockAPI.swift */; };
		A12A50BC221F77590045D320 /* Data+GBK.swift in Sources */ = {isa = PBXBuildFile; fileRef = A12A50BB221F77590045D320 /* Data+GBK.swift */; };
		A12A50BE221F7A040045D320 /* String+Common.swift in Sources */ = {isa = PBXBuildFile; fileRef = A12A50BD221F7A040045D320 /* String+Common.swift */; };
		A12A50C12220BDB40045D320 /* StockHQAPI.swift in Sources */ = {isa = PBXBuildFile; fileRef = A12A50BF2220BDB40045D320 /* StockHQAPI.swift */; };
		A12A50C22220BDB40045D320 /* StockHQProvider.swift in Sources */ = {isa = PBXBuildFile; fileRef = A12A50C02220BDB40045D320 /* StockHQProvider.swift */; };
		A12A50C42220BDCA0045D320 /* StockHQ.swift in Sources */ = {isa = PBXBuildFile; fileRef = A12A50C32220BDCA0045D320 /* StockHQ.swift */; };
		A12A50C62220BED60045D320 /* String+GBK.swift in Sources */ = {isa = PBXBuildFile; fileRef = A12A50C52220BED60045D320 /* String+GBK.swift */; };
		A12A50C82220CFE70045D320 /* UIUtils.swift in Sources */ = {isa = PBXBuildFile; fileRef = A12A50C72220CFE70045D320 /* UIUtils.swift */; };
		A12BB2EF226C0DB100AF6D49 /* WencaiResult.swift in Sources */ = {isa = PBXBuildFile; fileRef = A12BB2EE226C0DB100AF6D49 /* WencaiResult.swift */; };
		A12BB2F2226C177F00AF6D49 /* DataCache.swift in Sources */ = {isa = PBXBuildFile; fileRef = A12BB2F1226C177F00AF6D49 /* DataCache.swift */; };
		A12C7DF52268AF050014D260 /* SelectedStocksViewController.swift in Sources */ = {isa = PBXBuildFile; fileRef = A12C7DF42268AF050014D260 /* SelectedStocksViewController.swift */; };
		A12CD64621F7EAF200CE5C70 /* WebSite.swift in Sources */ = {isa = PBXBuildFile; fileRef = A12CD64521F7EAF200CE5C70 /* WebSite.swift */; };
		A12DB39C226B47AE00AD5E78 /* THSDataService.swift in Sources */ = {isa = PBXBuildFile; fileRef = A12DB39B226B47AE00AD5E78 /* THSDataService.swift */; };
		A12DB39E226B4A3000AD5E78 /* THSDataProvider.swift in Sources */ = {isa = PBXBuildFile; fileRef = A12DB39D226B4A3000AD5E78 /* THSDataProvider.swift */; };
		A12DB3A0226B4AB000AD5E78 /* JieJinStock.swift in Sources */ = {isa = PBXBuildFile; fileRef = A12DB39F226B4AB000AD5E78 /* JieJinStock.swift */; };
		A132955921DB523C00A3B156 /* RemoteService.swift in Sources */ = {isa = PBXBuildFile; fileRef = A132955821DB523C00A3B156 /* RemoteService.swift */; };
		A1343F9221F45A310086FEEB /* CloudKit.framework in Frameworks */ = {isa = PBXBuildFile; fileRef = A1343F9121F45A310086FEEB /* CloudKit.framework */; };
		A1343F9521F45A830086FEEB /* iCloudUtils.swift in Sources */ = {isa = PBXBuildFile; fileRef = A1343F9421F45A830086FEEB /* iCloudUtils.swift */; };
		A1343F9821F46D6E0086FEEB /* TableViewCellModel.swift in Sources */ = {isa = PBXBuildFile; fileRef = A1343F9721F46D6E0086FEEB /* TableViewCellModel.swift */; };
		A1343F9A21F46D7B0086FEEB /* TableViewSectionModel.swift in Sources */ = {isa = PBXBuildFile; fileRef = A1343F9921F46D7B0086FEEB /* TableViewSectionModel.swift */; };
		A13FEFAF2204746A002B1E7E /* Document.storyboard in Resources */ = {isa = PBXBuildFile; fileRef = A13FEFAE2204746A002B1E7E /* Document.storyboard */; };
		A13FEFB222047483002B1E7E /* DocumentListViewController.swift in Sources */ = {isa = PBXBuildFile; fileRef = A13FEFB122047483002B1E7E /* DocumentListViewController.swift */; };
		A13FEFB422047493002B1E7E /* DocumentDetailViewController.swift in Sources */ = {isa = PBXBuildFile; fileRef = A13FEFB322047493002B1E7E /* DocumentDetailViewController.swift */; };
		A13FEFB622047FA1002B1E7E /* TextViewController.swift in Sources */ = {isa = PBXBuildFile; fileRef = A13FEFB522047FA1002B1E7E /* TextViewController.swift */; };
		A14115F721DD8CAA00E1B2BC /* MessageService.swift in Sources */ = {isa = PBXBuildFile; fileRef = A14115F621DD8CAA00E1B2BC /* MessageService.swift */; };
		A14115F921DD8D2A00E1B2BC /* ServiceConfig.swift in Sources */ = {isa = PBXBuildFile; fileRef = A14115F821DD8D2A00E1B2BC /* ServiceConfig.swift */; };
		A14115FB21DD8DA000E1B2BC /* MessageServiceProvider.swift in Sources */ = {isa = PBXBuildFile; fileRef = A14115FA21DD8DA000E1B2BC /* MessageServiceProvider.swift */; };
		A141D2672279B241000ED0EA /* StockNoteViewController.swift in Sources */ = {isa = PBXBuildFile; fileRef = A141D2662279B241000ED0EA /* StockNoteViewController.swift */; };
		A141D269227ABD14000ED0EA /* TableHeaderView.xib in Resources */ = {isa = PBXBuildFile; fileRef = A141D268227ABD14000ED0EA /* TableHeaderView.xib */; };
		A141D26B227ABD6B000ED0EA /* TableHeaderView.swift in Sources */ = {isa = PBXBuildFile; fileRef = A141D26A227ABD6B000ED0EA /* TableHeaderView.swift */; };
		A149FF6E21F304D0002512CF /* SweetAlert.swift in Sources */ = {isa = PBXBuildFile; fileRef = A149FF6D21F304D0002512CF /* SweetAlert.swift */; };
		A155BFAF21F766A80026635A /* WebViewController.swift in Sources */ = {isa = PBXBuildFile; fileRef = A155BFAD21F766A80026635A /* WebViewController.swift */; };
		A155BFB221F769500026635A /* Common.storyboard in Resources */ = {isa = PBXBuildFile; fileRef = A155BFB121F769500026635A /* Common.storyboard */; };
		A17DD2A622184C110078589D /* YanBaoSheDocumentListViewController.swift in Sources */ = {isa = PBXBuildFile; fileRef = A17DD2A522184C110078589D /* YanBaoSheDocumentListViewController.swift */; };
		A17DD2AA221866150078589D /* YanBaoServiceProvider.swift in Sources */ = {isa = PBXBuildFile; fileRef = A17DD2A9221866150078589D /* YanBaoServiceProvider.swift */; };
		A18EE06921E15FD800E67D4B /* Study.storyboard in Resources */ = {isa = PBXBuildFile; fileRef = A18EE06821E15FD800E67D4B /* Study.storyboard */; };
		A18EE06B21E1601900E67D4B /* StudyTableViewController.swift in Sources */ = {isa = PBXBuildFile; fileRef = A18EE06A21E1601900E67D4B /* StudyTableViewController.swift */; };
		A1901AB121E8CBE100F14831 /* StockCollectionViewCell.swift in Sources */ = {isa = PBXBuildFile; fileRef = A1901AAF21E8CBE000F14831 /* StockCollectionViewCell.swift */; };
		A1901AB221E8CBE100F14831 /* StockCollectionViewCell.xib in Resources */ = {isa = PBXBuildFile; fileRef = A1901AB021E8CBE100F14831 /* StockCollectionViewCell.xib */; };
		A1901AB521E8CBEE00F14831 /* TagCollectionViewCell.xib in Resources */ = {isa = PBXBuildFile; fileRef = A1901AB321E8CBED00F14831 /* TagCollectionViewCell.xib */; };
		A1901AB621E8CBEE00F14831 /* TagCollectionViewCell.swift in Sources */ = {isa = PBXBuildFile; fileRef = A1901AB421E8CBED00F14831 /* TagCollectionViewCell.swift */; };
		A19DDDDB224EF83800D63D7A /* Data.storyboard in Resources */ = {isa = PBXBuildFile; fileRef = A19DDDDA224EF83800D63D7A /* Data.storyboard */; };
		A19DDDDD224F008800D63D7A /* DataBuildViewController.swift in Sources */ = {isa = PBXBuildFile; fileRef = A19DDDDC224F008800D63D7A /* DataBuildViewController.swift */; };
		A19DDDDF224FB7B300D63D7A /* DataService.swift in Sources */ = {isa = PBXBuildFile; fileRef = A19DDDDE224FB7B300D63D7A /* DataService.swift */; };
		A1ABA3B12262DF5E00985F3D /* BlockCycleViewController.swift in Sources */ = {isa = PBXBuildFile; fileRef = A1ABA3B02262DF5E00985F3D /* BlockCycleViewController.swift */; };
		A1ABA3B32262E32C00985F3D /* Int+Extension.swift in Sources */ = {isa = PBXBuildFile; fileRef = A1ABA3B22262E32C00985F3D /* Int+Extension.swift */; };
		A1ABA3B62262F16700985F3D /* StackTableViewCell.swift in Sources */ = {isa = PBXBuildFile; fileRef = A1ABA3B42262F16700985F3D /* StackTableViewCell.swift */; };
		A1ABA3B72262F16700985F3D /* StackTableViewCell.xib in Resources */ = {isa = PBXBuildFile; fileRef = A1ABA3B52262F16700985F3D /* StackTableViewCell.xib */; };
		A1ABA3B92264AB7D00985F3D /* StackTableHeaderView.swift in Sources */ = {isa = PBXBuildFile; fileRef = A1ABA3B82264AB7D00985F3D /* StackTableHeaderView.swift */; };
		A1ABA3BD2264B13E00985F3D /* StackTableHeaderView.xib in Resources */ = {isa = PBXBuildFile; fileRef = A1ABA3BC2264B13E00985F3D /* StackTableHeaderView.xib */; };
		A1D29809222BD0A9005FBB1B /* WebSiteListViewController.swift in Sources */ = {isa = PBXBuildFile; fileRef = A1D29808222BD0A9005FBB1B /* WebSiteListViewController.swift */; };
		A1D2980C222BD40B005FBB1B /* ThirdWebSite.swift in Sources */ = {isa = PBXBuildFile; fileRef = A1D2980B222BD40B005FBB1B /* ThirdWebSite.swift */; };
		A1D44CBA21D9F8730043A4A5 /* StockService.swift in Sources */ = {isa = PBXBuildFile; fileRef = A1D44CB921D9F8730043A4A5 /* StockService.swift */; };
		A1D44CBC21D9FA500043A4A5 /* StockServiceProvider.swift in Sources */ = {isa = PBXBuildFile; fileRef = A1D44CBB21D9FA500043A4A5 /* StockServiceProvider.swift */; };
		A1E1277821E6B76F00527DC0 /* LeadStockViewController.swift in Sources */ = {isa = PBXBuildFile; fileRef = A1E1277721E6B76F00527DC0 /* LeadStockViewController.swift */; };
		A1E1277C21E6B99F00527DC0 /* HotBlockViewController.swift in Sources */ = {isa = PBXBuildFile; fileRef = A1E1277B21E6B99F00527DC0 /* HotBlockViewController.swift */; };
		A1E1278E21E6C68600527DC0 /* UIViewController+Alert.swift in Sources */ = {isa = PBXBuildFile; fileRef = A1E1278D21E6C68600527DC0 /* UIViewController+Alert.swift */; };
		A1F4427F21E0122A00999138 /* BlockStockListViewController.swift in Sources */ = {isa = PBXBuildFile; fileRef = A1F4427E21E0122A00999138 /* BlockStockListViewController.swift */; };
		A1F4428521E015FC00999138 /* StockDBProvider.swift in Sources */ = {isa = PBXBuildFile; fileRef = A1F4428421E015FC00999138 /* StockDBProvider.swift */; };
		A1F4428C21E0D56A00999138 /* ENSideMenu.swift in Sources */ = {isa = PBXBuildFile; fileRef = A1F4428A21E0D56900999138 /* ENSideMenu.swift */; };
		A1F4428D21E0D56A00999138 /* ENSideMenuNavigationController.swift in Sources */ = {isa = PBXBuildFile; fileRef = A1F4428B21E0D56A00999138 /* ENSideMenuNavigationController.swift */; };
		A1F4428F21E0D6F000999138 /* MyNavigationController.swift in Sources */ = {isa = PBXBuildFile; fileRef = A1F4428E21E0D6F000999138 /* MyNavigationController.swift */; };
		A1F4429121E0D73C00999138 /* MyMenuViewController.swift in Sources */ = {isa = PBXBuildFile; fileRef = A1F4429021E0D73C00999138 /* MyMenuViewController.swift */; };
		A1F4429621E1089500999138 /* Setting.storyboard in Resources */ = {isa = PBXBuildFile; fileRef = A1F4429521E1089500999138 /* Setting.storyboard */; };
		A1F4429821E108B800999138 /* SettingViewController.swift in Sources */ = {isa = PBXBuildFile; fileRef = A1F4429721E108B800999138 /* SettingViewController.swift */; };
		A1F5953121BCCF1500EC5ECB /* MAStrategyViewController.swift in Sources */ = {isa = PBXBuildFile; fileRef = A1F5953021BCCF1500EC5ECB /* MAStrategyViewController.swift */; };
		A1F5953321BCDF9200EC5ECB /* MAType.swift in Sources */ = {isa = PBXBuildFile; fileRef = A1F5953221BCDF9200EC5ECB /* MAType.swift */; };
		A1F5953621BCEDA400EC5ECB /* StackView.swift in Sources */ = {isa = PBXBuildFile; fileRef = A1F5953521BCEDA400EC5ECB /* StackView.swift */; };
		A1F5953B21BD08E400EC5ECB /* MessageViewController.swift in Sources */ = {isa = PBXBuildFile; fileRef = A1F5953A21BD08E400EC5ECB /* MessageViewController.swift */; };
		A1F5953D21BD5A5C00EC5ECB /* MessageDetailViewController.swift in Sources */ = {isa = PBXBuildFile; fileRef = A1F5953C21BD5A5C00EC5ECB /* MessageDetailViewController.swift */; };
		D9C9C77024B24177C86177B6 /* Pods_StockHelper.framework in Frameworks */ = {isa = PBXBuildFile; fileRef = 372C30837F0AFC8048D7F822 /* Pods_StockHelper.framework */; };
/* End PBXBuildFile section */

/* Begin PBXContainerItemProxy section */
		06EDD3D8215241990035104B /* PBXContainerItemProxy */ = {
			isa = PBXContainerItemProxy;
			containerPortal = 06EDD3B9215241970035104B /* Project object */;
			proxyType = 1;
			remoteGlobalIDString = 06EDD3C0215241970035104B;
			remoteInfo = StockHelper;
		};
/* End PBXContainerItemProxy section */

/* Begin PBXFileReference section */
		065248AF21C219020047405C /* PriceGridViewController.swift */ = {isa = PBXFileReference; lastKnownFileType = sourcecode.swift; path = PriceGridViewController.swift; sourceTree = "<group>"; };
		065248B121C21D7C0047405C /* Float+Format.swift */ = {isa = PBXFileReference; lastKnownFileType = sourcecode.swift; path = "Float+Format.swift"; sourceTree = "<group>"; };
		065248B321C226C30047405C /* MainViewController.swift */ = {isa = PBXFileReference; lastKnownFileType = sourcecode.swift; path = MainViewController.swift; sourceTree = "<group>"; };
		06EDD3C1215241970035104B /* StockHelper.app */ = {isa = PBXFileReference; explicitFileType = wrapper.application; includeInIndex = 0; path = StockHelper.app; sourceTree = BUILT_PRODUCTS_DIR; };
		06EDD3C4215241970035104B /* AppDelegate.swift */ = {isa = PBXFileReference; lastKnownFileType = sourcecode.swift; path = AppDelegate.swift; sourceTree = "<group>"; };
		06EDD3C8215241970035104B /* BlockViewController.swift */ = {isa = PBXFileReference; lastKnownFileType = sourcecode.swift; path = BlockViewController.swift; sourceTree = "<group>"; };
		06EDD3CB215241970035104B /* Base */ = {isa = PBXFileReference; lastKnownFileType = file.storyboard; name = Base; path = Base.lproj/Main.storyboard; sourceTree = "<group>"; };
		06EDD3CD215241990035104B /* Assets.xcassets */ = {isa = PBXFileReference; lastKnownFileType = folder.assetcatalog; path = Assets.xcassets; sourceTree = "<group>"; };
		06EDD3D0215241990035104B /* Base */ = {isa = PBXFileReference; lastKnownFileType = file.storyboard; name = Base; path = Base.lproj/LaunchScreen.storyboard; sourceTree = "<group>"; };
		06EDD3D2215241990035104B /* Info.plist */ = {isa = PBXFileReference; lastKnownFileType = text.plist.xml; path = Info.plist; sourceTree = "<group>"; };
		06EDD3D7215241990035104B /* StockHelperTests.xctest */ = {isa = PBXFileReference; explicitFileType = wrapper.cfbundle; includeInIndex = 0; path = StockHelperTests.xctest; sourceTree = BUILT_PRODUCTS_DIR; };
		06EDD3DB215241990035104B /* StockHelperTests.swift */ = {isa = PBXFileReference; lastKnownFileType = sourcecode.swift; path = StockHelperTests.swift; sourceTree = "<group>"; };
		06EDD3DD215241990035104B /* Info.plist */ = {isa = PBXFileReference; lastKnownFileType = text.plist.xml; path = Info.plist; sourceTree = "<group>"; };
		06EDD3EF215244280035104B /* Block.swift */ = {isa = PBXFileReference; lastKnownFileType = sourcecode.swift; path = Block.swift; sourceTree = "<group>"; };
		06EDD3F3215245120035104B /* StockBlockChange.swift */ = {isa = PBXFileReference; lastKnownFileType = sourcecode.swift; path = StockBlockChange.swift; sourceTree = "<group>"; };
		06EDD3F5215247980035104B /* Stock.swift */ = {isa = PBXFileReference; lastKnownFileType = sourcecode.swift; path = Stock.swift; sourceTree = "<group>"; };
		06EDD3F921524B160035104B /* Message.swift */ = {isa = PBXFileReference; lastKnownFileType = sourcecode.swift; path = Message.swift; sourceTree = "<group>"; };
		06F587F821B928BF00D69159 /* CalculatorViewController.swift */ = {isa = PBXFileReference; lastKnownFileType = sourcecode.swift; path = CalculatorViewController.swift; sourceTree = "<group>"; };
		06F587FD21B9312700D69159 /* SymmetryViewController.swift */ = {isa = PBXFileReference; lastKnownFileType = sourcecode.swift; path = SymmetryViewController.swift; sourceTree = "<group>"; };
		06F5881A21BA38B600D69159 /* UITextField+Extension.swift */ = {isa = PBXFileReference; lastKnownFileType = sourcecode.swift; path = "UITextField+Extension.swift"; sourceTree = "<group>"; };
		08F5ABD6CBDF4E9564F5CC99 /* Pods-StockHelperTests.debug.xcconfig */ = {isa = PBXFileReference; includeInIndex = 1; lastKnownFileType = text.xcconfig; name = "Pods-StockHelperTests.debug.xcconfig"; path = "Pods/Target Support Files/Pods-StockHelperTests/Pods-StockHelperTests.debug.xcconfig"; sourceTree = "<group>"; };
		372C30837F0AFC8048D7F822 /* Pods_StockHelper.framework */ = {isa = PBXFileReference; explicitFileType = wrapper.framework; includeInIndex = 0; path = Pods_StockHelper.framework; sourceTree = BUILT_PRODUCTS_DIR; };
		39990CF90212CD11B1FECEBF /* Pods-StockHelper.debug.xcconfig */ = {isa = PBXFileReference; includeInIndex = 1; lastKnownFileType = text.xcconfig; name = "Pods-StockHelper.debug.xcconfig"; path = "Pods/Target Support Files/Pods-StockHelper/Pods-StockHelper.debug.xcconfig"; sourceTree = "<group>"; };
		41C561ABB324A6CEBDD1BB43 /* Pods-StockHelper.release.xcconfig */ = {isa = PBXFileReference; includeInIndex = 1; lastKnownFileType = text.xcconfig; name = "Pods-StockHelper.release.xcconfig"; path = "Pods/Target Support Files/Pods-StockHelper/Pods-StockHelper.release.xcconfig"; sourceTree = "<group>"; };
		A10E4B3021CE543B0092B671 /* MyStocksViewController.swift */ = {isa = PBXFileReference; lastKnownFileType = sourcecode.swift; name = MyStocksViewController.swift; path = StockHelper/Feature/Block/ViewController/MyStocksViewController.swift; sourceTree = SOURCE_ROOT; };
		A10E4B3821CE57E10092B671 /* HomeViewController.swift */ = {isa = PBXFileReference; lastKnownFileType = sourcecode.swift; path = HomeViewController.swift; sourceTree = "<group>"; };
		A10E4B4221CE5EE00092B671 /* Message.storyboard */ = {isa = PBXFileReference; fileEncoding = 4; lastKnownFileType = file.storyboard; path = Message.storyboard; sourceTree = "<group>"; };
		A10E4B4421CE5FED0092B671 /* Home.storyboard */ = {isa = PBXFileReference; fileEncoding = 4; lastKnownFileType = file.storyboard; path = Home.storyboard; sourceTree = "<group>"; };
		A10E4B4621CE610F0092B671 /* Calculator.storyboard */ = {isa = PBXFileReference; fileEncoding = 4; lastKnownFileType = file.storyboard; path = Calculator.storyboard; sourceTree = "<group>"; };
		A10E4B4821CE67260092B671 /* Stock.storyboard */ = {isa = PBXFileReference; fileEncoding = 4; lastKnownFileType = file.storyboard; path = Stock.storyboard; sourceTree = "<group>"; };
		A10E4B4A21CE67D20092B671 /* Block.storyboard */ = {isa = PBXFileReference; fileEncoding = 4; lastKnownFileType = file.storyboard; path = Block.storyboard; sourceTree = "<group>"; };
		A12A18C521E954B0004294B5 /* TagButton.xib */ = {isa = PBXFileReference; lastKnownFileType = file.xib; path = TagButton.xib; sourceTree = "<group>"; };
		A12A18C721E9557B004294B5 /* TagButton.swift */ = {isa = PBXFileReference; lastKnownFileType = sourcecode.swift; path = TagButton.swift; sourceTree = "<group>"; };
		A12A18C921E95C64004294B5 /* StockUtils.swift */ = {isa = PBXFileReference; lastKnownFileType = sourcecode.swift; path = StockUtils.swift; sourceTree = "<group>"; };
		A12A18CF21E9CA3D004294B5 /* HeaderCollectionView.swift */ = {isa = PBXFileReference; lastKnownFileType = sourcecode.swift; path = HeaderCollectionView.swift; sourceTree = "<group>"; };
		A12A18D021E9CA3D004294B5 /* HeaderCollectionView.xib */ = {isa = PBXFileReference; lastKnownFileType = file.xib; path = HeaderCollectionView.xib; sourceTree = "<group>"; };
		A12A18D421E9DE18004294B5 /* Theme.swift */ = {isa = PBXFileReference; lastKnownFileType = sourcecode.swift; path = Theme.swift; sourceTree = "<group>"; };
		A12A18D621EA0887004294B5 /* String+PinYin.swift */ = {isa = PBXFileReference; lastKnownFileType = sourcecode.swift; path = "String+PinYin.swift"; sourceTree = "<group>"; };
		A12A18D821EA08E3004294B5 /* Array+PinYin.swift */ = {isa = PBXFileReference; lastKnownFileType = sourcecode.swift; path = "Array+PinYin.swift"; sourceTree = "<group>"; };
		A12A18DB21EA254F004294B5 /* Utils.swift */ = {isa = PBXFileReference; lastKnownFileType = sourcecode.swift; path = Utils.swift; sourceTree = "<group>"; };
		A12A18DD21EA2878004294B5 /* StockViewController.swift */ = {isa = PBXFileReference; lastKnownFileType = sourcecode.swift; path = StockViewController.swift; sourceTree = "<group>"; };
		A12A50B12218DAEB0045D320 /* YanBao.swift */ = {isa = PBXFileReference; lastKnownFileType = sourcecode.swift; path = YanBao.swift; sourceTree = "<group>"; };
		A12A50B32218DBC10045D320 /* JsonString2Objects.swift */ = {isa = PBXFileReference; lastKnownFileType = sourcecode.swift; path = JsonString2Objects.swift; sourceTree = "<group>"; };
		A12A50B5221F632C0045D320 /* StockAPI.swift */ = {isa = PBXFileReference; lastKnownFileType = sourcecode.swift; name = StockAPI.swift; path = StockHelper/Common/Extension/StockAPI.swift; sourceTree = SOURCE_ROOT; };
		A12A50BB221F77590045D320 /* Data+GBK.swift */ = {isa = PBXFileReference; lastKnownFileType = sourcecode.swift; path = "Data+GBK.swift"; sourceTree = "<group>"; };
		A12A50BD221F7A040045D320 /* String+Common.swift */ = {isa = PBXFileReference; lastKnownFileType = sourcecode.swift; path = "String+Common.swift"; sourceTree = "<group>"; };
		A12A50BF2220BDB40045D320 /* StockHQAPI.swift */ = {isa = PBXFileReference; fileEncoding = 4; lastKnownFileType = sourcecode.swift; path = StockHQAPI.swift; sourceTree = "<group>"; };
		A12A50C02220BDB40045D320 /* StockHQProvider.swift */ = {isa = PBXFileReference; fileEncoding = 4; lastKnownFileType = sourcecode.swift; path = StockHQProvider.swift; sourceTree = "<group>"; };
		A12A50C32220BDCA0045D320 /* StockHQ.swift */ = {isa = PBXFileReference; fileEncoding = 4; lastKnownFileType = sourcecode.swift; path = StockHQ.swift; sourceTree = "<group>"; };
		A12A50C52220BED60045D320 /* String+GBK.swift */ = {isa = PBXFileReference; lastKnownFileType = sourcecode.swift; path = "String+GBK.swift"; sourceTree = "<group>"; };
		A12A50C72220CFE70045D320 /* UIUtils.swift */ = {isa = PBXFileReference; lastKnownFileType = sourcecode.swift; path = UIUtils.swift; sourceTree = "<group>"; };
		A12BB2EE226C0DB100AF6D49 /* WencaiResult.swift */ = {isa = PBXFileReference; lastKnownFileType = sourcecode.swift; path = WencaiResult.swift; sourceTree = "<group>"; };
		A12BB2F1226C177F00AF6D49 /* DataCache.swift */ = {isa = PBXFileReference; lastKnownFileType = sourcecode.swift; path = DataCache.swift; sourceTree = "<group>"; };
		A12C7DF42268AF050014D260 /* SelectedStocksViewController.swift */ = {isa = PBXFileReference; lastKnownFileType = sourcecode.swift; path = SelectedStocksViewController.swift; sourceTree = "<group>"; };
		A12CD64521F7EAF200CE5C70 /* WebSite.swift */ = {isa = PBXFileReference; lastKnownFileType = sourcecode.swift; path = WebSite.swift; sourceTree = "<group>"; };
		A12DB39B226B47AE00AD5E78 /* THSDataService.swift */ = {isa = PBXFileReference; lastKnownFileType = sourcecode.swift; path = THSDataService.swift; sourceTree = "<group>"; };
		A12DB39D226B4A3000AD5E78 /* THSDataProvider.swift */ = {isa = PBXFileReference; lastKnownFileType = sourcecode.swift; path = THSDataProvider.swift; sourceTree = "<group>"; };
		A12DB39F226B4AB000AD5E78 /* JieJinStock.swift */ = {isa = PBXFileReference; lastKnownFileType = sourcecode.swift; path = JieJinStock.swift; sourceTree = "<group>"; };
		A132955821DB523C00A3B156 /* RemoteService.swift */ = {isa = PBXFileReference; lastKnownFileType = sourcecode.swift; path = RemoteService.swift; sourceTree = "<group>"; };
		A1343F9021F45A130086FEEB /* StockHelper.entitlements */ = {isa = PBXFileReference; lastKnownFileType = text.plist.entitlements; path = StockHelper.entitlements; sourceTree = "<group>"; };
		A1343F9121F45A310086FEEB /* CloudKit.framework */ = {isa = PBXFileReference; lastKnownFileType = wrapper.framework; name = CloudKit.framework; path = System/Library/Frameworks/CloudKit.framework; sourceTree = SDKROOT; };
		A1343F9421F45A830086FEEB /* iCloudUtils.swift */ = {isa = PBXFileReference; lastKnownFileType = sourcecode.swift; path = iCloudUtils.swift; sourceTree = "<group>"; };
		A1343F9721F46D6E0086FEEB /* TableViewCellModel.swift */ = {isa = PBXFileReference; lastKnownFileType = sourcecode.swift; path = TableViewCellModel.swift; sourceTree = "<group>"; };
		A1343F9921F46D7B0086FEEB /* TableViewSectionModel.swift */ = {isa = PBXFileReference; lastKnownFileType = sourcecode.swift; path = TableViewSectionModel.swift; sourceTree = "<group>"; };
		A13FEFAE2204746A002B1E7E /* Document.storyboard */ = {isa = PBXFileReference; lastKnownFileType = file.storyboard; path = Document.storyboard; sourceTree = "<group>"; };
		A13FEFB122047483002B1E7E /* DocumentListViewController.swift */ = {isa = PBXFileReference; lastKnownFileType = sourcecode.swift; path = DocumentListViewController.swift; sourceTree = "<group>"; };
		A13FEFB322047493002B1E7E /* DocumentDetailViewController.swift */ = {isa = PBXFileReference; lastKnownFileType = sourcecode.swift; path = DocumentDetailViewController.swift; sourceTree = "<group>"; };
		A13FEFB522047FA1002B1E7E /* TextViewController.swift */ = {isa = PBXFileReference; lastKnownFileType = sourcecode.swift; path = TextViewController.swift; sourceTree = "<group>"; };
		A14115F621DD8CAA00E1B2BC /* MessageService.swift */ = {isa = PBXFileReference; lastKnownFileType = sourcecode.swift; name = MessageService.swift; path = "StockHelper/Common/New Group/MessageService.swift"; sourceTree = SOURCE_ROOT; };
		A14115F821DD8D2A00E1B2BC /* ServiceConfig.swift */ = {isa = PBXFileReference; lastKnownFileType = sourcecode.swift; path = ServiceConfig.swift; sourceTree = "<group>"; };
		A14115FA21DD8DA000E1B2BC /* MessageServiceProvider.swift */ = {isa = PBXFileReference; lastKnownFileType = sourcecode.swift; name = MessageServiceProvider.swift; path = "StockHelper/Common/New Group/MessageServiceProvider.swift"; sourceTree = SOURCE_ROOT; };
		A141D2662279B241000ED0EA /* StockNoteViewController.swift */ = {isa = PBXFileReference; lastKnownFileType = sourcecode.swift; path = StockNoteViewController.swift; sourceTree = "<group>"; };
		A141D268227ABD14000ED0EA /* TableHeaderView.xib */ = {isa = PBXFileReference; lastKnownFileType = file.xib; path = TableHeaderView.xib; sourceTree = "<group>"; };
		A141D26A227ABD6B000ED0EA /* TableHeaderView.swift */ = {isa = PBXFileReference; lastKnownFileType = sourcecode.swift; path = TableHeaderView.swift; sourceTree = "<group>"; };
		A149FF6D21F304D0002512CF /* SweetAlert.swift */ = {isa = PBXFileReference; lastKnownFileType = sourcecode.swift; path = SweetAlert.swift; sourceTree = "<group>"; };
		A155BFAD21F766A80026635A /* WebViewController.swift */ = {isa = PBXFileReference; lastKnownFileType = sourcecode.swift; path = WebViewController.swift; sourceTree = "<group>"; };
		A155BFB121F769500026635A /* Common.storyboard */ = {isa = PBXFileReference; lastKnownFileType = file.storyboard; path = Common.storyboard; sourceTree = "<group>"; };
		A17DD2A522184C110078589D /* YanBaoSheDocumentListViewController.swift */ = {isa = PBXFileReference; lastKnownFileType = sourcecode.swift; path = YanBaoSheDocumentListViewController.swift; sourceTree = "<group>"; };
		A17DD2A9221866150078589D /* YanBaoServiceProvider.swift */ = {isa = PBXFileReference; lastKnownFileType = sourcecode.swift; path = YanBaoServiceProvider.swift; sourceTree = "<group>"; };
		A18EE06821E15FD800E67D4B /* Study.storyboard */ = {isa = PBXFileReference; lastKnownFileType = file.storyboard; path = Study.storyboard; sourceTree = "<group>"; };
		A18EE06A21E1601900E67D4B /* StudyTableViewController.swift */ = {isa = PBXFileReference; lastKnownFileType = sourcecode.swift; path = StudyTableViewController.swift; sourceTree = "<group>"; };
		A1901AAF21E8CBE000F14831 /* StockCollectionViewCell.swift */ = {isa = PBXFileReference; fileEncoding = 4; lastKnownFileType = sourcecode.swift; path = StockCollectionViewCell.swift; sourceTree = "<group>"; };
		A1901AB021E8CBE100F14831 /* StockCollectionViewCell.xib */ = {isa = PBXFileReference; fileEncoding = 4; lastKnownFileType = file.xib; path = StockCollectionViewCell.xib; sourceTree = "<group>"; };
		A1901AB321E8CBED00F14831 /* TagCollectionViewCell.xib */ = {isa = PBXFileReference; fileEncoding = 4; lastKnownFileType = file.xib; path = TagCollectionViewCell.xib; sourceTree = "<group>"; };
		A1901AB421E8CBED00F14831 /* TagCollectionViewCell.swift */ = {isa = PBXFileReference; fileEncoding = 4; lastKnownFileType = sourcecode.swift; path = TagCollectionViewCell.swift; sourceTree = "<group>"; };
		A19DDDDA224EF83800D63D7A /* Data.storyboard */ = {isa = PBXFileReference; lastKnownFileType = file.storyboard; path = Data.storyboard; sourceTree = "<group>"; };
		A19DDDDC224F008800D63D7A /* DataBuildViewController.swift */ = {isa = PBXFileReference; lastKnownFileType = sourcecode.swift; path = DataBuildViewController.swift; sourceTree = "<group>"; };
		A19DDDDE224FB7B300D63D7A /* DataService.swift */ = {isa = PBXFileReference; lastKnownFileType = sourcecode.swift; path = DataService.swift; sourceTree = "<group>"; };
		A1ABA3B02262DF5E00985F3D /* BlockCycleViewController.swift */ = {isa = PBXFileReference; lastKnownFileType = sourcecode.swift; path = BlockCycleViewController.swift; sourceTree = "<group>"; };
		A1ABA3B22262E32C00985F3D /* Int+Extension.swift */ = {isa = PBXFileReference; lastKnownFileType = sourcecode.swift; path = "Int+Extension.swift"; sourceTree = "<group>"; };
		A1ABA3B42262F16700985F3D /* StackTableViewCell.swift */ = {isa = PBXFileReference; lastKnownFileType = sourcecode.swift; path = StackTableViewCell.swift; sourceTree = "<group>"; };
		A1ABA3B52262F16700985F3D /* StackTableViewCell.xib */ = {isa = PBXFileReference; lastKnownFileType = file.xib; path = StackTableViewCell.xib; sourceTree = "<group>"; };
		A1ABA3B82264AB7D00985F3D /* StackTableHeaderView.swift */ = {isa = PBXFileReference; lastKnownFileType = sourcecode.swift; path = StackTableHeaderView.swift; sourceTree = "<group>"; };
		A1ABA3BC2264B13E00985F3D /* StackTableHeaderView.xib */ = {isa = PBXFileReference; lastKnownFileType = file.xib; path = StackTableHeaderView.xib; sourceTree = "<group>"; };
		A1ABA3BE2266211800985F3D /* wencai.md */ = {isa = PBXFileReference; lastKnownFileType = net.daringfireball.markdown; path = wencai.md; sourceTree = "<group>"; };
		A1D29808222BD0A9005FBB1B /* WebSiteListViewController.swift */ = {isa = PBXFileReference; lastKnownFileType = sourcecode.swift; path = WebSiteListViewController.swift; sourceTree = "<group>"; };
		A1D2980B222BD40B005FBB1B /* ThirdWebSite.swift */ = {isa = PBXFileReference; lastKnownFileType = sourcecode.swift; path = ThirdWebSite.swift; sourceTree = "<group>"; };
		A1D44CB921D9F8730043A4A5 /* StockService.swift */ = {isa = PBXFileReference; lastKnownFileType = sourcecode.swift; name = StockService.swift; path = StockHelper/Feature/Stock/Storyboard/StockService.swift; sourceTree = SOURCE_ROOT; };
		A1D44CBB21D9FA500043A4A5 /* StockServiceProvider.swift */ = {isa = PBXFileReference; lastKnownFileType = sourcecode.swift; name = StockServiceProvider.swift; path = StockHelper/Feature/Stock/Storyboard/StockServiceProvider.swift; sourceTree = SOURCE_ROOT; };
		A1E1277721E6B76F00527DC0 /* LeadStockViewController.swift */ = {isa = PBXFileReference; lastKnownFileType = sourcecode.swift; path = LeadStockViewController.swift; sourceTree = "<group>"; };
		A1E1277B21E6B99F00527DC0 /* HotBlockViewController.swift */ = {isa = PBXFileReference; lastKnownFileType = sourcecode.swift; path = HotBlockViewController.swift; sourceTree = "<group>"; };
		A1E1278D21E6C68600527DC0 /* UIViewController+Alert.swift */ = {isa = PBXFileReference; lastKnownFileType = sourcecode.swift; path = "UIViewController+Alert.swift"; sourceTree = "<group>"; };
		A1F4427E21E0122A00999138 /* BlockStockListViewController.swift */ = {isa = PBXFileReference; fileEncoding = 4; lastKnownFileType = sourcecode.swift; path = BlockStockListViewController.swift; sourceTree = "<group>"; };
		A1F4428421E015FC00999138 /* StockDBProvider.swift */ = {isa = PBXFileReference; lastKnownFileType = sourcecode.swift; path = StockDBProvider.swift; sourceTree = "<group>"; };
		A1F4428A21E0D56900999138 /* ENSideMenu.swift */ = {isa = PBXFileReference; fileEncoding = 4; lastKnownFileType = sourcecode.swift; path = ENSideMenu.swift; sourceTree = "<group>"; };
		A1F4428B21E0D56A00999138 /* ENSideMenuNavigationController.swift */ = {isa = PBXFileReference; fileEncoding = 4; lastKnownFileType = sourcecode.swift; path = ENSideMenuNavigationController.swift; sourceTree = "<group>"; };
		A1F4428E21E0D6F000999138 /* MyNavigationController.swift */ = {isa = PBXFileReference; lastKnownFileType = sourcecode.swift; path = MyNavigationController.swift; sourceTree = "<group>"; };
		A1F4429021E0D73C00999138 /* MyMenuViewController.swift */ = {isa = PBXFileReference; lastKnownFileType = sourcecode.swift; path = MyMenuViewController.swift; sourceTree = "<group>"; };
		A1F4429521E1089500999138 /* Setting.storyboard */ = {isa = PBXFileReference; lastKnownFileType = file.storyboard; path = Setting.storyboard; sourceTree = "<group>"; };
		A1F4429721E108B800999138 /* SettingViewController.swift */ = {isa = PBXFileReference; lastKnownFileType = sourcecode.swift; path = SettingViewController.swift; sourceTree = "<group>"; };
		A1F5953021BCCF1500EC5ECB /* MAStrategyViewController.swift */ = {isa = PBXFileReference; lastKnownFileType = sourcecode.swift; path = MAStrategyViewController.swift; sourceTree = "<group>"; };
		A1F5953221BCDF9200EC5ECB /* MAType.swift */ = {isa = PBXFileReference; lastKnownFileType = sourcecode.swift; name = MAType.swift; path = StockHelper/Feature/Strategy/ViewController/MAType.swift; sourceTree = SOURCE_ROOT; };
		A1F5953521BCEDA400EC5ECB /* StackView.swift */ = {isa = PBXFileReference; lastKnownFileType = sourcecode.swift; path = StackView.swift; sourceTree = "<group>"; };
		A1F5953A21BD08E400EC5ECB /* MessageViewController.swift */ = {isa = PBXFileReference; lastKnownFileType = sourcecode.swift; path = MessageViewController.swift; sourceTree = "<group>"; };
		A1F5953C21BD5A5C00EC5ECB /* MessageDetailViewController.swift */ = {isa = PBXFileReference; lastKnownFileType = sourcecode.swift; path = MessageDetailViewController.swift; sourceTree = "<group>"; };
		A348325F3B01168D19E1FCDA /* Pods-StockHelperTests.release.xcconfig */ = {isa = PBXFileReference; includeInIndex = 1; lastKnownFileType = text.xcconfig; name = "Pods-StockHelperTests.release.xcconfig"; path = "Pods/Target Support Files/Pods-StockHelperTests/Pods-StockHelperTests.release.xcconfig"; sourceTree = "<group>"; };
		BB894E0D4080A19D5FDBAC33 /* Pods_StockHelperTests.framework */ = {isa = PBXFileReference; explicitFileType = wrapper.framework; includeInIndex = 0; path = Pods_StockHelperTests.framework; sourceTree = BUILT_PRODUCTS_DIR; };
/* End PBXFileReference section */

/* Begin PBXFrameworksBuildPhase section */
		06EDD3BE215241970035104B /* Frameworks */ = {
			isa = PBXFrameworksBuildPhase;
			buildActionMask = 2147483647;
			files = (
				D9C9C77024B24177C86177B6 /* Pods_StockHelper.framework in Frameworks */,
				A1343F9221F45A310086FEEB /* CloudKit.framework in Frameworks */,
			);
			runOnlyForDeploymentPostprocessing = 0;
		};
		06EDD3D4215241990035104B /* Frameworks */ = {
			isa = PBXFrameworksBuildPhase;
			buildActionMask = 2147483647;
			files = (
				563B3C7E18B840F2B49470B1 /* Pods_StockHelperTests.framework in Frameworks */,
			);
			runOnlyForDeploymentPostprocessing = 0;
		};
/* End PBXFrameworksBuildPhase section */

/* Begin PBXGroup section */
		06EDD3B8215241970035104B = {
			isa = PBXGroup;
			children = (
				06EDD3C3215241970035104B /* StockHelper */,
				06EDD3DA215241990035104B /* StockHelperTests */,
				06EDD3C2215241970035104B /* Products */,
				F1DFDB6929E9A303F8F72A86 /* Pods */,
				C41FF9A5444E0EA70AC7C067 /* Frameworks */,
			);
			sourceTree = "<group>";
		};
		06EDD3C2215241970035104B /* Products */ = {
			isa = PBXGroup;
			children = (
				06EDD3C1215241970035104B /* StockHelper.app */,
				06EDD3D7215241990035104B /* StockHelperTests.xctest */,
			);
			name = Products;
			sourceTree = "<group>";
		};
		06EDD3C3215241970035104B /* StockHelper */ = {
			isa = PBXGroup;
			children = (
				A1343F9021F45A130086FEEB /* StockHelper.entitlements */,
				06EDD3E7215242380035104B /* Feature */,
				06EDD3E6215242190035104B /* Common */,
				06EDD3C4215241970035104B /* AppDelegate.swift */,
				06EDD3CA215241970035104B /* Main.storyboard */,
				06EDD3CD215241990035104B /* Assets.xcassets */,
				06EDD3CF215241990035104B /* LaunchScreen.storyboard */,
				06EDD3D2215241990035104B /* Info.plist */,
				065248B321C226C30047405C /* MainViewController.swift */,
			);
			path = StockHelper;
			sourceTree = "<group>";
		};
		06EDD3DA215241990035104B /* StockHelperTests */ = {
			isa = PBXGroup;
			children = (
				06EDD3DB215241990035104B /* StockHelperTests.swift */,
				06EDD3DD215241990035104B /* Info.plist */,
			);
			path = StockHelperTests;
			sourceTree = "<group>";
		};
		06EDD3E6215242190035104B /* Common */ = {
			isa = PBXGroup;
			children = (
				A155BFAC21F7663E0026635A /* ViewController */,
				A1343F9621F46D550086FEEB /* ViewModel */,
				A1343F9321F45A700086FEEB /* iCloud */,
				A12A18DA21EA2535004294B5 /* Utils */,
				A12A18D321E9DE0A004294B5 /* Theme */,
				A1F4428821E0D54400999138 /* ThirdParty */,
				A132955721DB521B00A3B156 /* Service */,
				A1F5953421BCED8B00EC5ECB /* VIew */,
				06F5881921BA388200D69159 /* Extension */,
			);
			path = Common;
			sourceTree = "<group>";
		};
		06EDD3E7215242380035104B /* Feature */ = {
			isa = PBXGroup;
			children = (
				A19DDDD6224EF80600D63D7A /* Data */,
				A13FEFA8220473E5002B1E7E /* Document */,
				A12CD64321F7EAD000CE5C70 /* WebSite */,
				A18EE06521E15F9800E67D4B /* Study */,
				A1F4429221E1086100999138 /* Setting */,
				A10E4B3521CE57B40092B671 /* Home */,
				06F587F221B9281D00D69159 /* Strategy */,
				06EDD3EA215242660035104B /* Stock */,
				06EDD3E92152425E0035104B /* Message */,
				06EDD3E82152423F0035104B /* Block */,
			);
			path = Feature;
			sourceTree = "<group>";
		};
		06EDD3E82152423F0035104B /* Block */ = {
			isa = PBXGroup;
			children = (
				A1901AAA21E8CB6000F14831 /* View */,
				A10E4B2D21CE53040092B671 /* Storyboard */,
				06EDD3FD21524B480035104B /* Service */,
				06EDD3EE215243E50035104B /* Model */,
				06EDD3ED215243DE0035104B /* ViewController */,
			);
			path = Block;
			sourceTree = "<group>";
		};
		06EDD3E92152425E0035104B /* Message */ = {
			isa = PBXGroup;
			children = (
				A1F5953721BD086500EC5ECB /* Storyboard */,
				06EDD3FB21524B380035104B /* Service */,
				06EDD3F22152445B0035104B /* ViewController */,
				06EDD3F1215244550035104B /* Model */,
			);
			path = Message;
			sourceTree = "<group>";
		};
		06EDD3EA215242660035104B /* Stock */ = {
			isa = PBXGroup;
			children = (
				A10E4B3221CE56550092B671 /* Storyboard */,
				06EDD3FC21524B3F0035104B /* Service */,
				06EDD3EC215243D50035104B /* ViewController */,
				06EDD3EB2152427B0035104B /* Model */,
			);
			path = Stock;
			sourceTree = "<group>";
		};
		06EDD3EB2152427B0035104B /* Model */ = {
			isa = PBXGroup;
			children = (
				A12A50C32220BDCA0045D320 /* StockHQ.swift */,
				06EDD3F5215247980035104B /* Stock.swift */,
			);
			path = Model;
			sourceTree = "<group>";
		};
		06EDD3EC215243D50035104B /* ViewController */ = {
			isa = PBXGroup;
			children = (
				A10E4B3021CE543B0092B671 /* MyStocksViewController.swift */,
				A1E1277721E6B76F00527DC0 /* LeadStockViewController.swift */,
				A12A18DD21EA2878004294B5 /* StockViewController.swift */,
				A141D2662279B241000ED0EA /* StockNoteViewController.swift */,
			);
			path = ViewController;
			sourceTree = "<group>";
		};
		06EDD3ED215243DE0035104B /* ViewController */ = {
			isa = PBXGroup;
			children = (
				A1F4427E21E0122A00999138 /* BlockStockListViewController.swift */,
				06EDD3C8215241970035104B /* BlockViewController.swift */,
				A1E1277B21E6B99F00527DC0 /* HotBlockViewController.swift */,
				A1ABA3B02262DF5E00985F3D /* BlockCycleViewController.swift */,
				A12C7DF42268AF050014D260 /* SelectedStocksViewController.swift */,
			);
			path = ViewController;
			sourceTree = "<group>";
		};
		06EDD3EE215243E50035104B /* Model */ = {
			isa = PBXGroup;
			children = (
				06EDD3EF215244280035104B /* Block.swift */,
				06EDD3F3215245120035104B /* StockBlockChange.swift */,
				A12A50B12218DAEB0045D320 /* YanBao.swift */,
			);
			path = Model;
			sourceTree = "<group>";
		};
		06EDD3F1215244550035104B /* Model */ = {
			isa = PBXGroup;
			children = (
				06EDD3F921524B160035104B /* Message.swift */,
			);
			path = Model;
			sourceTree = "<group>";
		};
		06EDD3F22152445B0035104B /* ViewController */ = {
			isa = PBXGroup;
			children = (
				A1F5953A21BD08E400EC5ECB /* MessageViewController.swift */,
				A1F5953C21BD5A5C00EC5ECB /* MessageDetailViewController.swift */,
			);
			path = ViewController;
			sourceTree = "<group>";
		};
		06EDD3FB21524B380035104B /* Service */ = {
			isa = PBXGroup;
			children = (
				A14115F621DD8CAA00E1B2BC /* MessageService.swift */,
				A14115FA21DD8DA000E1B2BC /* MessageServiceProvider.swift */,
			);
			path = Service;
			sourceTree = "<group>";
		};
		06EDD3FC21524B3F0035104B /* Service */ = {
			isa = PBXGroup;
			children = (
				A12A50BF2220BDB40045D320 /* StockHQAPI.swift */,
				A12A50C02220BDB40045D320 /* StockHQProvider.swift */,
				A12A50B5221F632C0045D320 /* StockAPI.swift */,
			);
			path = Service;
			sourceTree = "<group>";
		};
		06EDD3FD21524B480035104B /* Service */ = {
			isa = PBXGroup;
			children = (
				A1F4428121E015C700999138 /* DB */,
				A1D44CB921D9F8730043A4A5 /* StockService.swift */,
				A1D44CBB21D9FA500043A4A5 /* StockServiceProvider.swift */,
				A12A18C921E95C64004294B5 /* StockUtils.swift */,
				A17DD2A9221866150078589D /* YanBaoServiceProvider.swift */,
			);
			path = Service;
			sourceTree = "<group>";
		};
		06F587F221B9281D00D69159 /* Strategy */ = {
			isa = PBXGroup;
			children = (
				06F587FA21B92ABC00D69159 /* Storyboard */,
				06F587F721B928AB00D69159 /* Model */,
				06F587F621B9289C00D69159 /* Service */,
				06F587F521B9288C00D69159 /* ViewController */,
			);
			path = Strategy;
			sourceTree = "<group>";
		};
		06F587F521B9288C00D69159 /* ViewController */ = {
			isa = PBXGroup;
			children = (
				06F587F821B928BF00D69159 /* CalculatorViewController.swift */,
				06F587FD21B9312700D69159 /* SymmetryViewController.swift */,
				A1F5953021BCCF1500EC5ECB /* MAStrategyViewController.swift */,
				065248AF21C219020047405C /* PriceGridViewController.swift */,
			);
			path = ViewController;
			sourceTree = "<group>";
		};
		06F587F621B9289C00D69159 /* Service */ = {
			isa = PBXGroup;
			children = (
			);
			path = Service;
			sourceTree = "<group>";
		};
		06F587F721B928AB00D69159 /* Model */ = {
			isa = PBXGroup;
			children = (
				A1F5953221BCDF9200EC5ECB /* MAType.swift */,
			);
			path = Model;
			sourceTree = "<group>";
		};
		06F587FA21B92ABC00D69159 /* Storyboard */ = {
			isa = PBXGroup;
			children = (
				A10E4B4621CE610F0092B671 /* Calculator.storyboard */,
			);
			path = Storyboard;
			sourceTree = "<group>";
		};
		06F5881921BA388200D69159 /* Extension */ = {
			isa = PBXGroup;
			children = (
				06F5881A21BA38B600D69159 /* UITextField+Extension.swift */,
				065248B121C21D7C0047405C /* Float+Format.swift */,
				A1E1278D21E6C68600527DC0 /* UIViewController+Alert.swift */,
				A12A18D621EA0887004294B5 /* String+PinYin.swift */,
				A12A18D821EA08E3004294B5 /* Array+PinYin.swift */,
				A12A50B32218DBC10045D320 /* JsonString2Objects.swift */,
				A12A50BB221F77590045D320 /* Data+GBK.swift */,
				A12A50BD221F7A040045D320 /* String+Common.swift */,
				A12A50C52220BED60045D320 /* String+GBK.swift */,
				A1ABA3B22262E32C00985F3D /* Int+Extension.swift */,
			);
			path = Extension;
			sourceTree = "<group>";
		};
		A10E4B2D21CE53040092B671 /* Storyboard */ = {
			isa = PBXGroup;
			children = (
				A10E4B4A21CE67D20092B671 /* Block.storyboard */,
			);
			path = Storyboard;
			sourceTree = "<group>";
		};
		A10E4B3221CE56550092B671 /* Storyboard */ = {
			isa = PBXGroup;
			children = (
				A10E4B4821CE67260092B671 /* Stock.storyboard */,
			);
			path = Storyboard;
			sourceTree = "<group>";
		};
		A10E4B3521CE57B40092B671 /* Home */ = {
			isa = PBXGroup;
			children = (
				A10E4B3721CE57C30092B671 /* ViewController */,
				A10E4B3621CE57BB0092B671 /* Storyboard */,
			);
			path = Home;
			sourceTree = "<group>";
		};
		A10E4B3621CE57BB0092B671 /* Storyboard */ = {
			isa = PBXGroup;
			children = (
				A10E4B4421CE5FED0092B671 /* Home.storyboard */,
			);
			path = Storyboard;
			sourceTree = "<group>";
		};
		A10E4B3721CE57C30092B671 /* ViewController */ = {
			isa = PBXGroup;
			children = (
				A10E4B3821CE57E10092B671 /* HomeViewController.swift */,
				A1F4428E21E0D6F000999138 /* MyNavigationController.swift */,
				A1F4429021E0D73C00999138 /* MyMenuViewController.swift */,
			);
			path = ViewController;
			sourceTree = "<group>";
		};
		A12A18D321E9DE0A004294B5 /* Theme */ = {
			isa = PBXGroup;
			children = (
				A12A18D421E9DE18004294B5 /* Theme.swift */,
			);
			path = Theme;
			sourceTree = "<group>";
		};
		A12A18DA21EA2535004294B5 /* Utils */ = {
			isa = PBXGroup;
			children = (
				A12A18DB21EA254F004294B5 /* Utils.swift */,
				A12A50C72220CFE70045D320 /* UIUtils.swift */,
			);
			path = Utils;
			sourceTree = "<group>";
		};
		A12BB2F0226C177100AF6D49 /* Cache */ = {
			isa = PBXGroup;
			children = (
				A12BB2F1226C177F00AF6D49 /* DataCache.swift */,
			);
			path = Cache;
			sourceTree = "<group>";
		};
		A12CD64321F7EAD000CE5C70 /* WebSite */ = {
			isa = PBXGroup;
			children = (
				A12CD64421F7EAE000CE5C70 /* Config */,
				A12CD64521F7EAF200CE5C70 /* WebSite.swift */,
			);
			path = WebSite;
			sourceTree = "<group>";
		};
		A12CD64421F7EAE000CE5C70 /* Config */ = {
			isa = PBXGroup;
			children = (
			);
			path = Config;
			sourceTree = "<group>";
		};
		A12DB39A226B479D00AD5E78 /* Service */ = {
			isa = PBXGroup;
			children = (
				A12DB39B226B47AE00AD5E78 /* THSDataService.swift */,
				A19DDDDE224FB7B300D63D7A /* DataService.swift */,
				A12DB39D226B4A3000AD5E78 /* THSDataProvider.swift */,
			);
			path = Service;
			sourceTree = "<group>";
		};
		A132955721DB521B00A3B156 /* Service */ = {
			isa = PBXGroup;
			children = (
				A132955821DB523C00A3B156 /* RemoteService.swift */,
				A14115F821DD8D2A00E1B2BC /* ServiceConfig.swift */,
			);
			name = Service;
			path = "New Group";
			sourceTree = "<group>";
		};
		A1343F9321F45A700086FEEB /* iCloud */ = {
			isa = PBXGroup;
			children = (
				A1343F9421F45A830086FEEB /* iCloudUtils.swift */,
			);
			path = iCloud;
			sourceTree = "<group>";
		};
		A1343F9621F46D550086FEEB /* ViewModel */ = {
			isa = PBXGroup;
			children = (
				A1343F9721F46D6E0086FEEB /* TableViewCellModel.swift */,
				A1343F9921F46D7B0086FEEB /* TableViewSectionModel.swift */,
			);
			path = ViewModel;
			sourceTree = "<group>";
		};
		A13FEFA8220473E5002B1E7E /* Document */ = {
			isa = PBXGroup;
			children = (
				A1D2980A222BD3D1005FBB1B /* Model */,
				A13FEFB02204746F002B1E7E /* ViewController */,
				A13FEFAD22047457002B1E7E /* Storyboard */,
			);
			path = Document;
			sourceTree = "<group>";
		};
		A13FEFAD22047457002B1E7E /* Storyboard */ = {
			isa = PBXGroup;
			children = (
				A13FEFAE2204746A002B1E7E /* Document.storyboard */,
			);
			path = Storyboard;
			sourceTree = "<group>";
		};
		A13FEFB02204746F002B1E7E /* ViewController */ = {
			isa = PBXGroup;
			children = (
				A13FEFB122047483002B1E7E /* DocumentListViewController.swift */,
				A13FEFB322047493002B1E7E /* DocumentDetailViewController.swift */,
				A17DD2A522184C110078589D /* YanBaoSheDocumentListViewController.swift */,
				A1D29808222BD0A9005FBB1B /* WebSiteListViewController.swift */,
			);
			path = ViewController;
			sourceTree = "<group>";
		};
		A149FF6C21F304B9002512CF /* SweetAlert */ = {
			isa = PBXGroup;
			children = (
				A149FF6D21F304D0002512CF /* SweetAlert.swift */,
			);
			path = SweetAlert;
			sourceTree = "<group>";
		};
		A155BFAC21F7663E0026635A /* ViewController */ = {
			isa = PBXGroup;
			children = (
				A155BFAD21F766A80026635A /* WebViewController.swift */,
				A155BFB121F769500026635A /* Common.storyboard */,
				A13FEFB522047FA1002B1E7E /* TextViewController.swift */,
			);
			path = ViewController;
			sourceTree = "<group>";
		};
		A18EE06521E15F9800E67D4B /* Study */ = {
			isa = PBXGroup;
			children = (
				A18EE06721E15FBF00E67D4B /* Storyboard */,
				A18EE06621E15FB400E67D4B /* ViewController */,
			);
			path = Study;
			sourceTree = "<group>";
		};
		A18EE06621E15FB400E67D4B /* ViewController */ = {
			isa = PBXGroup;
			children = (
				A18EE06A21E1601900E67D4B /* StudyTableViewController.swift */,
			);
			path = ViewController;
			sourceTree = "<group>";
		};
		A18EE06721E15FBF00E67D4B /* Storyboard */ = {
			isa = PBXGroup;
			children = (
				A18EE06821E15FD800E67D4B /* Study.storyboard */,
			);
			path = Storyboard;
			sourceTree = "<group>";
		};
		A1901AAA21E8CB6000F14831 /* View */ = {
			isa = PBXGroup;
			children = (
				A1901AAF21E8CBE000F14831 /* StockCollectionViewCell.swift */,
				A1901AB021E8CBE100F14831 /* StockCollectionViewCell.xib */,
				A12A18CF21E9CA3D004294B5 /* HeaderCollectionView.swift */,
				A12A18D021E9CA3D004294B5 /* HeaderCollectionView.xib */,
			);
			path = View;
			sourceTree = "<group>";
		};
		A19DDDD6224EF80600D63D7A /* Data */ = {
			isa = PBXGroup;
			children = (
				A12BB2F0226C177100AF6D49 /* Cache */,
				A12DB39A226B479D00AD5E78 /* Service */,
				A19DDDD9224EF82700D63D7A /* Model */,
				A19DDDD8224EF81E00D63D7A /* Storyboard */,
				A19DDDD7224EF81500D63D7A /* ViewController */,
				A1ABA3BE2266211800985F3D /* wencai.md */,
			);
			path = Data;
			sourceTree = "<group>";
		};
		A19DDDD7224EF81500D63D7A /* ViewController */ = {
			isa = PBXGroup;
			children = (
				A19DDDDC224F008800D63D7A /* DataBuildViewController.swift */,
			);
			path = ViewController;
			sourceTree = "<group>";
		};
		A19DDDD8224EF81E00D63D7A /* Storyboard */ = {
			isa = PBXGroup;
			children = (
				A19DDDDA224EF83800D63D7A /* Data.storyboard */,
			);
			path = Storyboard;
			sourceTree = "<group>";
		};
		A19DDDD9224EF82700D63D7A /* Model */ = {
			isa = PBXGroup;
			children = (
				A12DB39F226B4AB000AD5E78 /* JieJinStock.swift */,
				A12BB2EE226C0DB100AF6D49 /* WencaiResult.swift */,
			);
			path = Model;
			sourceTree = "<group>";
		};
		A1D2980A222BD3D1005FBB1B /* Model */ = {
			isa = PBXGroup;
			children = (
				A1D2980B222BD40B005FBB1B /* ThirdWebSite.swift */,
			);
			path = Model;
			sourceTree = "<group>";
		};
		A1F4428121E015C700999138 /* DB */ = {
			isa = PBXGroup;
			children = (
				A1F4428421E015FC00999138 /* StockDBProvider.swift */,
			);
			path = DB;
			sourceTree = "<group>";
		};
		A1F4428821E0D54400999138 /* ThirdParty */ = {
			isa = PBXGroup;
			children = (
				A149FF6C21F304B9002512CF /* SweetAlert */,
				A1F4428921E0D54C00999138 /* ENSideMenu */,
			);
			path = ThirdParty;
			sourceTree = "<group>";
		};
		A1F4428921E0D54C00999138 /* ENSideMenu */ = {
			isa = PBXGroup;
			children = (
				A1F4428A21E0D56900999138 /* ENSideMenu.swift */,
				A1F4428B21E0D56A00999138 /* ENSideMenuNavigationController.swift */,
			);
			path = ENSideMenu;
			sourceTree = "<group>";
		};
		A1F4429221E1086100999138 /* Setting */ = {
			isa = PBXGroup;
			children = (
				A1F4429421E1087C00999138 /* Storyboard */,
				A1F4429321E1087100999138 /* ViewController */,
			);
			path = Setting;
			sourceTree = "<group>";
		};
		A1F4429321E1087100999138 /* ViewController */ = {
			isa = PBXGroup;
			children = (
				A1F4429721E108B800999138 /* SettingViewController.swift */,
			);
			path = ViewController;
			sourceTree = "<group>";
		};
		A1F4429421E1087C00999138 /* Storyboard */ = {
			isa = PBXGroup;
			children = (
				A1F4429521E1089500999138 /* Setting.storyboard */,
			);
			path = Storyboard;
			sourceTree = "<group>";
		};
		A1F5953421BCED8B00EC5ECB /* VIew */ = {
			isa = PBXGroup;
			children = (
				A1901AB421E8CBED00F14831 /* TagCollectionViewCell.swift */,
				A1901AB321E8CBED00F14831 /* TagCollectionViewCell.xib */,
				A1F5953521BCEDA400EC5ECB /* StackView.swift */,
				A12A18C521E954B0004294B5 /* TagButton.xib */,
				A12A18C721E9557B004294B5 /* TagButton.swift */,
				A1ABA3B42262F16700985F3D /* StackTableViewCell.swift */,
				A1ABA3B52262F16700985F3D /* StackTableViewCell.xib */,
				A1ABA3B82264AB7D00985F3D /* StackTableHeaderView.swift */,
				A1ABA3BC2264B13E00985F3D /* StackTableHeaderView.xib */,
				A141D268227ABD14000ED0EA /* TableHeaderView.xib */,
				A141D26A227ABD6B000ED0EA /* TableHeaderView.swift */,
			);
			path = VIew;
			sourceTree = "<group>";
		};
		A1F5953721BD086500EC5ECB /* Storyboard */ = {
			isa = PBXGroup;
			children = (
				A10E4B4221CE5EE00092B671 /* Message.storyboard */,
			);
			path = Storyboard;
			sourceTree = "<group>";
		};
		C41FF9A5444E0EA70AC7C067 /* Frameworks */ = {
			isa = PBXGroup;
			children = (
				A1343F9121F45A310086FEEB /* CloudKit.framework */,
				372C30837F0AFC8048D7F822 /* Pods_StockHelper.framework */,
				BB894E0D4080A19D5FDBAC33 /* Pods_StockHelperTests.framework */,
			);
			name = Frameworks;
			sourceTree = "<group>";
		};
		F1DFDB6929E9A303F8F72A86 /* Pods */ = {
			isa = PBXGroup;
			children = (
				39990CF90212CD11B1FECEBF /* Pods-StockHelper.debug.xcconfig */,
				41C561ABB324A6CEBDD1BB43 /* Pods-StockHelper.release.xcconfig */,
				08F5ABD6CBDF4E9564F5CC99 /* Pods-StockHelperTests.debug.xcconfig */,
				A348325F3B01168D19E1FCDA /* Pods-StockHelperTests.release.xcconfig */,
			);
			name = Pods;
			sourceTree = "<group>";
		};
/* End PBXGroup section */

/* Begin PBXNativeTarget section */
		06EDD3C0215241970035104B /* StockHelper */ = {
			isa = PBXNativeTarget;
			buildConfigurationList = 06EDD3E0215241990035104B /* Build configuration list for PBXNativeTarget "StockHelper" */;
			buildPhases = (
				3444D5B3B9336A599857959A /* [CP] Check Pods Manifest.lock */,
				06EDD3BD215241970035104B /* Sources */,
				06EDD3BE215241970035104B /* Frameworks */,
				06EDD3BF215241970035104B /* Resources */,
				25079CB82B3A1ED643AD8100 /* [CP] Embed Pods Frameworks */,
			);
			buildRules = (
			);
			dependencies = (
			);
			name = StockHelper;
			productName = StockHelper;
			productReference = 06EDD3C1215241970035104B /* StockHelper.app */;
			productType = "com.apple.product-type.application";
		};
		06EDD3D6215241990035104B /* StockHelperTests */ = {
			isa = PBXNativeTarget;
			buildConfigurationList = 06EDD3E3215241990035104B /* Build configuration list for PBXNativeTarget "StockHelperTests" */;
			buildPhases = (
				B5DE29852FEDEEE74185AF35 /* [CP] Check Pods Manifest.lock */,
				06EDD3D3215241990035104B /* Sources */,
				06EDD3D4215241990035104B /* Frameworks */,
				06EDD3D5215241990035104B /* Resources */,
			);
			buildRules = (
			);
			dependencies = (
				06EDD3D9215241990035104B /* PBXTargetDependency */,
			);
			name = StockHelperTests;
			productName = StockHelperTests;
			productReference = 06EDD3D7215241990035104B /* StockHelperTests.xctest */;
			productType = "com.apple.product-type.bundle.unit-test";
		};
/* End PBXNativeTarget section */

/* Begin PBXProject section */
		06EDD3B9215241970035104B /* Project object */ = {
			isa = PBXProject;
			attributes = {
				LastSwiftUpdateCheck = 0940;
				LastUpgradeCheck = 0940;
				ORGANIZATIONNAME = "Andy Liu";
				TargetAttributes = {
					06EDD3C0215241970035104B = {
						CreatedOnToolsVersion = 9.4.1;
						LastSwiftMigration = 1010;
						SystemCapabilities = {
							com.apple.Push = {
								enabled = 1;
							};
							com.apple.iCloud = {
								enabled = 1;
							};
						};
					};
					06EDD3D6215241990035104B = {
						CreatedOnToolsVersion = 9.4.1;
						LastSwiftMigration = 1010;
						TestTargetID = 06EDD3C0215241970035104B;
					};
				};
			};
			buildConfigurationList = 06EDD3BC215241970035104B /* Build configuration list for PBXProject "StockHelper" */;
			compatibilityVersion = "Xcode 9.3";
			developmentRegion = en;
			hasScannedForEncodings = 0;
			knownRegions = (
				en,
				Base,
			);
			mainGroup = 06EDD3B8215241970035104B;
			productRefGroup = 06EDD3C2215241970035104B /* Products */;
			projectDirPath = "";
			projectRoot = "";
			targets = (
				06EDD3C0215241970035104B /* StockHelper */,
				06EDD3D6215241990035104B /* StockHelperTests */,
			);
		};
/* End PBXProject section */

/* Begin PBXResourcesBuildPhase section */
		06EDD3BF215241970035104B /* Resources */ = {
			isa = PBXResourcesBuildPhase;
			buildActionMask = 2147483647;
			files = (
				A1901AB221E8CBE100F14831 /* StockCollectionViewCell.xib in Resources */,
				A155BFB221F769500026635A /* Common.storyboard in Resources */,
				A12A18C621E954B0004294B5 /* TagButton.xib in Resources */,
				A1ABA3BD2264B13E00985F3D /* StackTableHeaderView.xib in Resources */,
				A10E4B4521CE5FED0092B671 /* Home.storyboard in Resources */,
				A12A18D221E9CA3D004294B5 /* HeaderCollectionView.xib in Resources */,
				06EDD3D1215241990035104B /* LaunchScreen.storyboard in Resources */,
				A1901AB521E8CBEE00F14831 /* TagCollectionViewCell.xib in Resources */,
				A141D269227ABD14000ED0EA /* TableHeaderView.xib in Resources */,
				A10E4B4B21CE67D20092B671 /* Block.storyboard in Resources */,
				06EDD3CE215241990035104B /* Assets.xcassets in Resources */,
				A19DDDDB224EF83800D63D7A /* Data.storyboard in Resources */,
				A13FEFAF2204746A002B1E7E /* Document.storyboard in Resources */,
				A10E4B4921CE67260092B671 /* Stock.storyboard in Resources */,
				A1F4429621E1089500999138 /* Setting.storyboard in Resources */,
				A10E4B4321CE5EE00092B671 /* Message.storyboard in Resources */,
				06EDD3CC215241970035104B /* Main.storyboard in Resources */,
				A18EE06921E15FD800E67D4B /* Study.storyboard in Resources */,
				A1ABA3B72262F16700985F3D /* StackTableViewCell.xib in Resources */,
				A10E4B4721CE610F0092B671 /* Calculator.storyboard in Resources */,
			);
			runOnlyForDeploymentPostprocessing = 0;
		};
		06EDD3D5215241990035104B /* Resources */ = {
			isa = PBXResourcesBuildPhase;
			buildActionMask = 2147483647;
			files = (
			);
			runOnlyForDeploymentPostprocessing = 0;
		};
/* End PBXResourcesBuildPhase section */

/* Begin PBXShellScriptBuildPhase section */
		25079CB82B3A1ED643AD8100 /* [CP] Embed Pods Frameworks */ = {
			isa = PBXShellScriptBuildPhase;
			buildActionMask = 2147483647;
			files = (
			);
			inputPaths = (
				"${SRCROOT}/Pods/Target Support Files/Pods-StockHelper/Pods-StockHelper-frameworks.sh",
				"${BUILT_PRODUCTS_DIR}/Alamofire/Alamofire.framework",
				"${BUILT_PRODUCTS_DIR}/DeviceKit/DeviceKit.framework",
				"${BUILT_PRODUCTS_DIR}/Moya/Moya.framework",
				"${BUILT_PRODUCTS_DIR}/Result/Result.framework",
				"${BUILT_PRODUCTS_DIR}/SwiftSoup/SwiftSoup.framework",
				"${BUILT_PRODUCTS_DIR}/Then/Then.framework",
				"${BUILT_PRODUCTS_DIR}/ZKProgressHUD/ZKProgressHUD.framework",
			);
			name = "[CP] Embed Pods Frameworks";
			outputPaths = (
				"${TARGET_BUILD_DIR}/${FRAMEWORKS_FOLDER_PATH}/Alamofire.framework",
				"${TARGET_BUILD_DIR}/${FRAMEWORKS_FOLDER_PATH}/DeviceKit.framework",
				"${TARGET_BUILD_DIR}/${FRAMEWORKS_FOLDER_PATH}/Moya.framework",
				"${TARGET_BUILD_DIR}/${FRAMEWORKS_FOLDER_PATH}/Result.framework",
				"${TARGET_BUILD_DIR}/${FRAMEWORKS_FOLDER_PATH}/SwiftSoup.framework",
				"${TARGET_BUILD_DIR}/${FRAMEWORKS_FOLDER_PATH}/Then.framework",
				"${TARGET_BUILD_DIR}/${FRAMEWORKS_FOLDER_PATH}/ZKProgressHUD.framework",
			);
			runOnlyForDeploymentPostprocessing = 0;
			shellPath = /bin/sh;
			shellScript = "\"${SRCROOT}/Pods/Target Support Files/Pods-StockHelper/Pods-StockHelper-frameworks.sh\"\n";
			showEnvVarsInLog = 0;
		};
		3444D5B3B9336A599857959A /* [CP] Check Pods Manifest.lock */ = {
			isa = PBXShellScriptBuildPhase;
			buildActionMask = 2147483647;
			files = (
			);
			inputPaths = (
				"${PODS_PODFILE_DIR_PATH}/Podfile.lock",
				"${PODS_ROOT}/Manifest.lock",
			);
			name = "[CP] Check Pods Manifest.lock";
			outputPaths = (
				"$(DERIVED_FILE_DIR)/Pods-StockHelper-checkManifestLockResult.txt",
			);
			runOnlyForDeploymentPostprocessing = 0;
			shellPath = /bin/sh;
			shellScript = "diff \"${PODS_PODFILE_DIR_PATH}/Podfile.lock\" \"${PODS_ROOT}/Manifest.lock\" > /dev/null\nif [ $? != 0 ] ; then\n    # print error to STDERR\n    echo \"error: The sandbox is not in sync with the Podfile.lock. Run 'pod install' or update your CocoaPods installation.\" >&2\n    exit 1\nfi\n# This output is used by Xcode 'outputs' to avoid re-running this script phase.\necho \"SUCCESS\" > \"${SCRIPT_OUTPUT_FILE_0}\"\n";
			showEnvVarsInLog = 0;
		};
		B5DE29852FEDEEE74185AF35 /* [CP] Check Pods Manifest.lock */ = {
			isa = PBXShellScriptBuildPhase;
			buildActionMask = 2147483647;
			files = (
			);
			inputPaths = (
				"${PODS_PODFILE_DIR_PATH}/Podfile.lock",
				"${PODS_ROOT}/Manifest.lock",
			);
			name = "[CP] Check Pods Manifest.lock";
			outputPaths = (
				"$(DERIVED_FILE_DIR)/Pods-StockHelperTests-checkManifestLockResult.txt",
			);
			runOnlyForDeploymentPostprocessing = 0;
			shellPath = /bin/sh;
			shellScript = "diff \"${PODS_PODFILE_DIR_PATH}/Podfile.lock\" \"${PODS_ROOT}/Manifest.lock\" > /dev/null\nif [ $? != 0 ] ; then\n    # print error to STDERR\n    echo \"error: The sandbox is not in sync with the Podfile.lock. Run 'pod install' or update your CocoaPods installation.\" >&2\n    exit 1\nfi\n# This output is used by Xcode 'outputs' to avoid re-running this script phase.\necho \"SUCCESS\" > \"${SCRIPT_OUTPUT_FILE_0}\"\n";
			showEnvVarsInLog = 0;
		};
/* End PBXShellScriptBuildPhase section */

/* Begin PBXSourcesBuildPhase section */
		06EDD3BD215241970035104B /* Sources */ = {
			isa = PBXSourcesBuildPhase;
			buildActionMask = 2147483647;
			files = (
				A17DD2A622184C110078589D /* YanBaoSheDocumentListViewController.swift in Sources */,
				A13FEFB622047FA1002B1E7E /* TextViewController.swift in Sources */,
				A1ABA3B62262F16700985F3D /* StackTableViewCell.swift in Sources */,
				A13FEFB222047483002B1E7E /* DocumentListViewController.swift in Sources */,
				A1ABA3B12262DF5E00985F3D /* BlockCycleViewController.swift in Sources */,
				A12A50B6221F632C0045D320 /* StockAPI.swift in Sources */,
				065248B221C21D7C0047405C /* Float+Format.swift in Sources */,
				065248B021C219020047405C /* PriceGridViewController.swift in Sources */,
				A14115FB21DD8DA000E1B2BC /* MessageServiceProvider.swift in Sources */,
				A19DDDDD224F008800D63D7A /* DataBuildViewController.swift in Sources */,
				A12DB39E226B4A3000AD5E78 /* THSDataProvider.swift in Sources */,
				A10E4B3921CE57E10092B671 /* HomeViewController.swift in Sources */,
				A132955921DB523C00A3B156 /* RemoteService.swift in Sources */,
				A141D2672279B241000ED0EA /* StockNoteViewController.swift in Sources */,
				A12A50C62220BED60045D320 /* String+GBK.swift in Sources */,
				A1343F9821F46D6E0086FEEB /* TableViewCellModel.swift in Sources */,
				A1F4429121E0D73C00999138 /* MyMenuViewController.swift in Sources */,
				A13FEFB422047493002B1E7E /* DocumentDetailViewController.swift in Sources */,
				06EDD3FA21524B160035104B /* Message.swift in Sources */,
				06EDD3C9215241970035104B /* BlockViewController.swift in Sources */,
				A1F5953D21BD5A5C00EC5ECB /* MessageDetailViewController.swift in Sources */,
				A1F4428521E015FC00999138 /* StockDBProvider.swift in Sources */,
				A12DB3A0226B4AB000AD5E78 /* JieJinStock.swift in Sources */,
				A1F5953121BCCF1500EC5ECB /* MAStrategyViewController.swift in Sources */,
				A12A50C42220BDCA0045D320 /* StockHQ.swift in Sources */,
				06F587F921B928BF00D69159 /* CalculatorViewController.swift in Sources */,
				A1901AB121E8CBE100F14831 /* StockCollectionViewCell.swift in Sources */,
				06EDD3F4215245120035104B /* StockBlockChange.swift in Sources */,
				A12CD64621F7EAF200CE5C70 /* WebSite.swift in Sources */,
				A1D44CBC21D9FA500043A4A5 /* StockServiceProvider.swift in Sources */,
				A1D29809222BD0A9005FBB1B /* WebSiteListViewController.swift in Sources */,
				A1F4428D21E0D56A00999138 /* ENSideMenuNavigationController.swift in Sources */,
				A1D44CBA21D9F8730043A4A5 /* StockService.swift in Sources */,
				06EDD3F6215247980035104B /* Stock.swift in Sources */,
				A1F4428F21E0D6F000999138 /* MyNavigationController.swift in Sources */,
				A155BFAF21F766A80026635A /* WebViewController.swift in Sources */,
				A12A50B22218DAEB0045D320 /* YanBao.swift in Sources */,
				A14115F921DD8D2A00E1B2BC /* ServiceConfig.swift in Sources */,
				A12A18DC21EA254F004294B5 /* Utils.swift in Sources */,
				A1F4429821E108B800999138 /* SettingViewController.swift in Sources */,
				A12A18D121E9CA3D004294B5 /* HeaderCollectionView.swift in Sources */,
				A1F4428C21E0D56A00999138 /* ENSideMenu.swift in Sources */,
				A1F5953B21BD08E400EC5ECB /* MessageViewController.swift in Sources */,
				06F5881B21BA38B600D69159 /* UITextField+Extension.swift in Sources */,
				A12A50B42218DBC10045D320 /* JsonString2Objects.swift in Sources */,
				06EDD3C5215241970035104B /* AppDelegate.swift in Sources */,
				A12A50BC221F77590045D320 /* Data+GBK.swift in Sources */,
				A12A18D921EA08E3004294B5 /* Array+PinYin.swift in Sources */,
				A1901AB621E8CBEE00F14831 /* TagCollectionViewCell.swift in Sources */,
				A1343F9521F45A830086FEEB /* iCloudUtils.swift in Sources */,
				A12A18D521E9DE18004294B5 /* Theme.swift in Sources */,
				A149FF6E21F304D0002512CF /* SweetAlert.swift in Sources */,
				A19DDDDF224FB7B300D63D7A /* DataService.swift in Sources */,
				A12A50C82220CFE70045D320 /* UIUtils.swift in Sources */,
				A12A50C12220BDB40045D320 /* StockHQAPI.swift in Sources */,
				06EDD3F0215244280035104B /* Block.swift in Sources */,
				A12A18C821E9557B004294B5 /* TagButton.swift in Sources */,
				A12A50C22220BDB40045D320 /* StockHQProvider.swift in Sources */,
				A1E1277C21E6B99F00527DC0 /* HotBlockViewController.swift in Sources */,
				A18EE06B21E1601900E67D4B /* StudyTableViewController.swift in Sources */,
				A1ABA3B32262E32C00985F3D /* Int+Extension.swift in Sources */,
				A1F4427F21E0122A00999138 /* BlockStockListViewController.swift in Sources */,
				A1F5953621BCEDA400EC5ECB /* StackView.swift in Sources */,
				A12A18CA21E95C64004294B5 /* StockUtils.swift in Sources */,
				A17DD2AA221866150078589D /* YanBaoServiceProvider.swift in Sources */,
				06F587FE21B9312700D69159 /* SymmetryViewController.swift in Sources */,
				A14115F721DD8CAA00E1B2BC /* MessageService.swift in Sources */,
				065248B421C226C30047405C /* MainViewController.swift in Sources */,
				A12BB2EF226C0DB100AF6D49 /* WencaiResult.swift in Sources */,
				A1E1277821E6B76F00527DC0 /* LeadStockViewController.swift in Sources */,
				A12A50BE221F7A040045D320 /* String+Common.swift in Sources */,
				A1E1278E21E6C68600527DC0 /* UIViewController+Alert.swift in Sources */,
				A1D2980C222BD40B005FBB1B /* ThirdWebSite.swift in Sources */,
				A12A18D721EA0887004294B5 /* String+PinYin.swift in Sources */,
				A12A18DE21EA2878004294B5 /* StockViewController.swift in Sources */,
				A12BB2F2226C177F00AF6D49 /* DataCache.swift in Sources */,
				A12DB39C226B47AE00AD5E78 /* THSDataService.swift in Sources */,
				A1343F9A21F46D7B0086FEEB /* TableViewSectionModel.swift in Sources */,
				A12C7DF52268AF050014D260 /* SelectedStocksViewController.swift in Sources */,
				A10E4B3121CE543B0092B671 /* MyStocksViewController.swift in Sources */,
				A1ABA3B92264AB7D00985F3D /* StackTableHeaderView.swift in Sources */,
				A141D26B227ABD6B000ED0EA /* TableHeaderView.swift in Sources */,
				A1F5953321BCDF9200EC5ECB /* MAType.swift in Sources */,
			);
			runOnlyForDeploymentPostprocessing = 0;
		};
		06EDD3D3215241990035104B /* Sources */ = {
			isa = PBXSourcesBuildPhase;
			buildActionMask = 2147483647;
			files = (
				06EDD3DC215241990035104B /* StockHelperTests.swift in Sources */,
			);
			runOnlyForDeploymentPostprocessing = 0;
		};
/* End PBXSourcesBuildPhase section */

/* Begin PBXTargetDependency section */
		06EDD3D9215241990035104B /* PBXTargetDependency */ = {
			isa = PBXTargetDependency;
			target = 06EDD3C0215241970035104B /* StockHelper */;
			targetProxy = 06EDD3D8215241990035104B /* PBXContainerItemProxy */;
		};
/* End PBXTargetDependency section */

/* Begin PBXVariantGroup section */
		06EDD3CA215241970035104B /* Main.storyboard */ = {
			isa = PBXVariantGroup;
			children = (
				06EDD3CB215241970035104B /* Base */,
			);
			name = Main.storyboard;
			sourceTree = "<group>";
		};
		06EDD3CF215241990035104B /* LaunchScreen.storyboard */ = {
			isa = PBXVariantGroup;
			children = (
				06EDD3D0215241990035104B /* Base */,
			);
			name = LaunchScreen.storyboard;
			sourceTree = "<group>";
		};
/* End PBXVariantGroup section */

/* Begin XCBuildConfiguration section */
		06EDD3DE215241990035104B /* Debug */ = {
			isa = XCBuildConfiguration;
			buildSettings = {
				ALWAYS_SEARCH_USER_PATHS = NO;
				CLANG_ANALYZER_NONNULL = YES;
				CLANG_ANALYZER_NUMBER_OBJECT_CONVERSION = YES_AGGRESSIVE;
				CLANG_CXX_LANGUAGE_STANDARD = "gnu++14";
				CLANG_CXX_LIBRARY = "libc++";
				CLANG_ENABLE_MODULES = YES;
				CLANG_ENABLE_OBJC_ARC = YES;
				CLANG_ENABLE_OBJC_WEAK = YES;
				CLANG_WARN_BLOCK_CAPTURE_AUTORELEASING = YES;
				CLANG_WARN_BOOL_CONVERSION = YES;
				CLANG_WARN_COMMA = YES;
				CLANG_WARN_CONSTANT_CONVERSION = YES;
				CLANG_WARN_DEPRECATED_OBJC_IMPLEMENTATIONS = YES;
				CLANG_WARN_DIRECT_OBJC_ISA_USAGE = YES_ERROR;
				CLANG_WARN_DOCUMENTATION_COMMENTS = YES;
				CLANG_WARN_EMPTY_BODY = YES;
				CLANG_WARN_ENUM_CONVERSION = YES;
				CLANG_WARN_INFINITE_RECURSION = YES;
				CLANG_WARN_INT_CONVERSION = YES;
				CLANG_WARN_NON_LITERAL_NULL_CONVERSION = YES;
				CLANG_WARN_OBJC_IMPLICIT_RETAIN_SELF = YES;
				CLANG_WARN_OBJC_LITERAL_CONVERSION = YES;
				CLANG_WARN_OBJC_ROOT_CLASS = YES_ERROR;
				CLANG_WARN_RANGE_LOOP_ANALYSIS = YES;
				CLANG_WARN_STRICT_PROTOTYPES = YES;
				CLANG_WARN_SUSPICIOUS_MOVE = YES;
				CLANG_WARN_UNGUARDED_AVAILABILITY = YES_AGGRESSIVE;
				CLANG_WARN_UNREACHABLE_CODE = YES;
				CLANG_WARN__DUPLICATE_METHOD_MATCH = YES;
				CODE_SIGN_IDENTITY = "iPhone Developer";
				COPY_PHASE_STRIP = NO;
				DEBUG_INFORMATION_FORMAT = dwarf;
				ENABLE_STRICT_OBJC_MSGSEND = YES;
				ENABLE_TESTABILITY = YES;
				GCC_C_LANGUAGE_STANDARD = gnu11;
				GCC_DYNAMIC_NO_PIC = NO;
				GCC_NO_COMMON_BLOCKS = YES;
				GCC_OPTIMIZATION_LEVEL = 0;
				GCC_PREPROCESSOR_DEFINITIONS = (
					"DEBUG=1",
					"$(inherited)",
				);
				GCC_WARN_64_TO_32_BIT_CONVERSION = YES;
				GCC_WARN_ABOUT_RETURN_TYPE = YES_ERROR;
				GCC_WARN_UNDECLARED_SELECTOR = YES;
				GCC_WARN_UNINITIALIZED_AUTOS = YES_AGGRESSIVE;
				GCC_WARN_UNUSED_FUNCTION = YES;
				GCC_WARN_UNUSED_VARIABLE = YES;
				IPHONEOS_DEPLOYMENT_TARGET = 11.4;
				MTL_ENABLE_DEBUG_INFO = YES;
				ONLY_ACTIVE_ARCH = YES;
				SDKROOT = iphoneos;
				SWIFT_ACTIVE_COMPILATION_CONDITIONS = DEBUG;
				SWIFT_OPTIMIZATION_LEVEL = "-Onone";
			};
			name = Debug;
		};
		06EDD3DF215241990035104B /* Release */ = {
			isa = XCBuildConfiguration;
			buildSettings = {
				ALWAYS_SEARCH_USER_PATHS = NO;
				CLANG_ANALYZER_NONNULL = YES;
				CLANG_ANALYZER_NUMBER_OBJECT_CONVERSION = YES_AGGRESSIVE;
				CLANG_CXX_LANGUAGE_STANDARD = "gnu++14";
				CLANG_CXX_LIBRARY = "libc++";
				CLANG_ENABLE_MODULES = YES;
				CLANG_ENABLE_OBJC_ARC = YES;
				CLANG_ENABLE_OBJC_WEAK = YES;
				CLANG_WARN_BLOCK_CAPTURE_AUTORELEASING = YES;
				CLANG_WARN_BOOL_CONVERSION = YES;
				CLANG_WARN_COMMA = YES;
				CLANG_WARN_CONSTANT_CONVERSION = YES;
				CLANG_WARN_DEPRECATED_OBJC_IMPLEMENTATIONS = YES;
				CLANG_WARN_DIRECT_OBJC_ISA_USAGE = YES_ERROR;
				CLANG_WARN_DOCUMENTATION_COMMENTS = YES;
				CLANG_WARN_EMPTY_BODY = YES;
				CLANG_WARN_ENUM_CONVERSION = YES;
				CLANG_WARN_INFINITE_RECURSION = YES;
				CLANG_WARN_INT_CONVERSION = YES;
				CLANG_WARN_NON_LITERAL_NULL_CONVERSION = YES;
				CLANG_WARN_OBJC_IMPLICIT_RETAIN_SELF = YES;
				CLANG_WARN_OBJC_LITERAL_CONVERSION = YES;
				CLANG_WARN_OBJC_ROOT_CLASS = YES_ERROR;
				CLANG_WARN_RANGE_LOOP_ANALYSIS = YES;
				CLANG_WARN_STRICT_PROTOTYPES = YES;
				CLANG_WARN_SUSPICIOUS_MOVE = YES;
				CLANG_WARN_UNGUARDED_AVAILABILITY = YES_AGGRESSIVE;
				CLANG_WARN_UNREACHABLE_CODE = YES;
				CLANG_WARN__DUPLICATE_METHOD_MATCH = YES;
				CODE_SIGN_IDENTITY = "iPhone Developer";
				COPY_PHASE_STRIP = NO;
				DEBUG_INFORMATION_FORMAT = "dwarf-with-dsym";
				ENABLE_NS_ASSERTIONS = NO;
				ENABLE_STRICT_OBJC_MSGSEND = YES;
				GCC_C_LANGUAGE_STANDARD = gnu11;
				GCC_NO_COMMON_BLOCKS = YES;
				GCC_WARN_64_TO_32_BIT_CONVERSION = YES;
				GCC_WARN_ABOUT_RETURN_TYPE = YES_ERROR;
				GCC_WARN_UNDECLARED_SELECTOR = YES;
				GCC_WARN_UNINITIALIZED_AUTOS = YES_AGGRESSIVE;
				GCC_WARN_UNUSED_FUNCTION = YES;
				GCC_WARN_UNUSED_VARIABLE = YES;
				IPHONEOS_DEPLOYMENT_TARGET = 11.4;
				MTL_ENABLE_DEBUG_INFO = NO;
				SDKROOT = iphoneos;
				SWIFT_COMPILATION_MODE = wholemodule;
				SWIFT_OPTIMIZATION_LEVEL = "-O";
				VALIDATE_PRODUCT = YES;
			};
			name = Release;
		};
		06EDD3E1215241990035104B /* Debug */ = {
			isa = XCBuildConfiguration;
			baseConfigurationReference = 39990CF90212CD11B1FECEBF /* Pods-StockHelper.debug.xcconfig */;
			buildSettings = {
				ASSETCATALOG_COMPILER_APPICON_NAME = AppIcon;
				CODE_SIGN_ENTITLEMENTS = StockHelper/StockHelper.entitlements;
				CODE_SIGN_STYLE = Automatic;
				DEVELOPMENT_TEAM = RTCEZS3U4Z;
				INFOPLIST_FILE = StockHelper/Info.plist;
				LD_RUNPATH_SEARCH_PATHS = (
					"$(inherited)",
					"@executable_path/Frameworks",
				);
				PRODUCT_BUNDLE_IDENTIFIER = com.rds.mos.xxhelper;
				PRODUCT_NAME = "$(TARGET_NAME)";
				SWIFT_VERSION = 4.2;
				TARGETED_DEVICE_FAMILY = "1,2";
			};
			name = Debug;
		};
		06EDD3E2215241990035104B /* Release */ = {
			isa = XCBuildConfiguration;
			baseConfigurationReference = 41C561ABB324A6CEBDD1BB43 /* Pods-StockHelper.release.xcconfig */;
			buildSettings = {
				ASSETCATALOG_COMPILER_APPICON_NAME = AppIcon;
				CODE_SIGN_ENTITLEMENTS = StockHelper/StockHelper.entitlements;
				CODE_SIGN_STYLE = Automatic;
				DEVELOPMENT_TEAM = RTCEZS3U4Z;
				INFOPLIST_FILE = StockHelper/Info.plist;
				LD_RUNPATH_SEARCH_PATHS = (
					"$(inherited)",
					"@executable_path/Frameworks",
				);
				PRODUCT_BUNDLE_IDENTIFIER = com.rds.mos.xxhelper;
				PRODUCT_NAME = "$(TARGET_NAME)";
				SWIFT_VERSION = 4.2;
				TARGETED_DEVICE_FAMILY = "1,2";
			};
			name = Release;
		};
		06EDD3E4215241990035104B /* Debug */ = {
			isa = XCBuildConfiguration;
			baseConfigurationReference = 08F5ABD6CBDF4E9564F5CC99 /* Pods-StockHelperTests.debug.xcconfig */;
			buildSettings = {
				ALWAYS_EMBED_SWIFT_STANDARD_LIBRARIES = YES;
				BUNDLE_LOADER = "$(TEST_HOST)";
				CODE_SIGN_STYLE = Automatic;
				INFOPLIST_FILE = StockHelperTests/Info.plist;
				LD_RUNPATH_SEARCH_PATHS = (
					"$(inherited)",
					"@executable_path/Frameworks",
					"@loader_path/Frameworks",
				);
				PRODUCT_BUNDLE_IDENTIFIER = com.chaser.app.StockHelperTests;
				PRODUCT_NAME = "$(TARGET_NAME)";
				SWIFT_VERSION = 4.2;
				TARGETED_DEVICE_FAMILY = "1,2";
				TEST_HOST = "$(BUILT_PRODUCTS_DIR)/StockHelper.app/StockHelper";
			};
			name = Debug;
		};
		06EDD3E5215241990035104B /* Release */ = {
			isa = XCBuildConfiguration;
			baseConfigurationReference = A348325F3B01168D19E1FCDA /* Pods-StockHelperTests.release.xcconfig */;
			buildSettings = {
				ALWAYS_EMBED_SWIFT_STANDARD_LIBRARIES = YES;
				BUNDLE_LOADER = "$(TEST_HOST)";
				CODE_SIGN_STYLE = Automatic;
				INFOPLIST_FILE = StockHelperTests/Info.plist;
				LD_RUNPATH_SEARCH_PATHS = (
					"$(inherited)",
					"@executable_path/Frameworks",
					"@loader_path/Frameworks",
				);
				PRODUCT_BUNDLE_IDENTIFIER = com.chaser.app.StockHelperTests;
				PRODUCT_NAME = "$(TARGET_NAME)";
				SWIFT_VERSION = 4.2;
				TARGETED_DEVICE_FAMILY = "1,2";
				TEST_HOST = "$(BUILT_PRODUCTS_DIR)/StockHelper.app/StockHelper";
			};
			name = Release;
		};
/* End XCBuildConfiguration section */

/* Begin XCConfigurationList section */
		06EDD3BC215241970035104B /* Build configuration list for PBXProject "StockHelper" */ = {
			isa = XCConfigurationList;
			buildConfigurations = (
				06EDD3DE215241990035104B /* Debug */,
				06EDD3DF215241990035104B /* Release */,
			);
			defaultConfigurationIsVisible = 0;
			defaultConfigurationName = Release;
		};
		06EDD3E0215241990035104B /* Build configuration list for PBXNativeTarget "StockHelper" */ = {
			isa = XCConfigurationList;
			buildConfigurations = (
				06EDD3E1215241990035104B /* Debug */,
				06EDD3E2215241990035104B /* Release */,
			);
			defaultConfigurationIsVisible = 0;
			defaultConfigurationName = Release;
		};
		06EDD3E3215241990035104B /* Build configuration list for PBXNativeTarget "StockHelperTests" */ = {
			isa = XCConfigurationList;
			buildConfigurations = (
				06EDD3E4215241990035104B /* Debug */,
				06EDD3E5215241990035104B /* Release */,
			);
			defaultConfigurationIsVisible = 0;
			defaultConfigurationName = Release;
		};
/* End XCConfigurationList section */
	};
	rootObject = 06EDD3B9215241970035104B /* Project object */;
}
